// !$*UTF8*$!
{
	archiveVersion = 1;
	classes = {
	};
	objectVersion = 55;
	objects = {

/* Begin PBXBuildFile section */
		0B04A811487FA227A1C4D432 /* DVTitleBarPreviewView.swift in Sources */ = {isa = PBXBuildFile; fileRef = A391B05AA0D2F24AFCADD78B /* DVTitleBarPreviewView.swift */; };
		0B8740BB4931BA4C093DDD3D /* DVButtonPreviewView.swift in Sources */ = {isa = PBXBuildFile; fileRef = C898B59F748F1A00DCA49071 /* DVButtonPreviewView.swift */; };
		149A9FCFFB3996CC7FE9A1AC /* RadioButtonPreviewView.swift in Sources */ = {isa = PBXBuildFile; fileRef = A33413D47A8AD374779D8127 /* RadioButtonPreviewView.swift */; };
		171ADE14C2EF6FB6FAB72A40 /* DVTextField.swift in Sources */ = {isa = PBXBuildFile; fileRef = 20AC5EE472B97DDB0F6D8E6D /* DVTextField.swift */; };
		1A5E3E6E8207F7BD2236B3D2 /* progress.lottie in Resources */ = {isa = PBXBuildFile; fileRef = D918F56487AF8EAE5BA02E07 /* progress.lottie */; };
		1C0147E10101BC9DA02548CD /* DVChipsContainer.swift in Sources */ = {isa = PBXBuildFile; fileRef = 7D7B46807429EB31C51F5ED8 /* DVChipsContainer.swift */; };
		1F79D4F85CE4C1553162DC9A /* DVFlowLayout.swift in Sources */ = {isa = PBXBuildFile; fileRef = 52A90233FCF24A42C5C0846B /* DVFlowLayout.swift */; };
		23BFC2C670C9038CECD60750 /* DVColor.swift in Sources */ = {isa = PBXBuildFile; fileRef = FD18707BBC83FCBDA80FC536 /* DVColor.swift */; };
		250256CE94C7EE24589A84F2 /* DVDesign.framework in Frameworks */ = {isa = PBXBuildFile; fileRef = A9FACF39F785475013F910DD /* DVDesign.framework */; };
		2AB9174E5814F2875D4DD0BF /* DVCore.framework in Frameworks */ = {isa = PBXBuildFile; fileRef = E4533B92C71D90FAB269B02D /* DVCore.framework */; };
		31066D1B30389CA1EAE7AD9C /* PlaceholderB.swift in Sources */ = {isa = PBXBuildFile; fileRef = 66A1DA522424692041C6E934 /* PlaceholderB.swift */; };
		31770B107B26D71797726C5A /* DVDesign_DVDesign.bundle in Dependencies */ = {isa = PBXBuildFile; fileRef = 28C8DCD4642006F92D413FCE /* DVDesign_DVDesign.bundle */; };
		3233D09A65244B8730B78740 /* Font+DVFont.swift in Sources */ = {isa = PBXBuildFile; fileRef = B13D8FB6A25CBDB0D1CAE20B /* Font+DVFont.swift */; };
		35124C61B5A30128E71E51AB /* TuistAssets+DVDesign.swift in Sources */ = {isa = PBXBuildFile; fileRef = B650B0D88515F4185A588F97 /* TuistAssets+DVDesign.swift */; };
		36F84B762B8FAA40F115295F /* DVMultilineTextContainer.swift in Sources */ = {isa = PBXBuildFile; fileRef = 93B9B932A401DC519990D084 /* DVMultilineTextContainer.swift */; };
		3A09EE774AB71A8535016BBC /* SizePreviewView.swift in Sources */ = {isa = PBXBuildFile; fileRef = 5A7E9EA286AAEE9720040821 /* SizePreviewView.swift */; };
		3EF51E22EAA4128D6614BD1E /* DVExpiryEmphasis.swift in Sources */ = {isa = PBXBuildFile; fileRef = 04332B8C6319F164D87FBEB3 /* DVExpiryEmphasis.swift */; };
		4159027EC6D06A63B765C966 /* DVDesignSampleApp.swift in Sources */ = {isa = PBXBuildFile; fileRef = 6654B210584E3E7FFA315638 /* DVDesignSampleApp.swift */; };
		4AD5004699A542F9F4B2F1FE /* HoverTooltip.swift in Sources */ = {isa = PBXBuildFile; fileRef = 106E887BDD98FE546A3D9D66 /* HoverTooltip.swift */; };
		4C52AE575F927C2A67443A61 /* View+DVColor.swift in Sources */ = {isa = PBXBuildFile; fileRef = 269843B81F1E78D0DCB8B523 /* View+DVColor.swift */; };
		504A1C616966E77B10883C05 /* TextContainerPreviewView.swift in Sources */ = {isa = PBXBuildFile; fileRef = C701AADDF09078624D957F01 /* TextContainerPreviewView.swift */; };
		5117BBE8A4F114544FB4BE11 /* ContentView.swift in Sources */ = {isa = PBXBuildFile; fileRef = F635A31BDC57AB62F5552792 /* ContentView.swift */; };
		51E93E5E115AA7A1E65D881C /* TuistBundle+DVDesign.swift in Sources */ = {isa = PBXBuildFile; fileRef = 3ADBF4773E28D4A5C7C04282 /* TuistBundle+DVDesign.swift */; };
		51F1137D6852F1C36D77FBC1 /* DVMultilineTextField.swift in Sources */ = {isa = PBXBuildFile; fileRef = E09793C03E117C5EDF4F1E96 /* DVMultilineTextField.swift */; };
		52395B50D2ED8E57D8E78809 /* DVComponentWidthPolicy.swift in Sources */ = {isa = PBXBuildFile; fileRef = 1BC48529907145B9B3E6A966 /* DVComponentWidthPolicy.swift */; };
		5AE8860B002B12244050DBF0 /* DVTextContainer.swift in Sources */ = {isa = PBXBuildFile; fileRef = 10CCC33F02E40D56C752E4CE /* DVTextContainer.swift */; };
		6141EA20710D01143F1AD51B /* PlaceholderA.swift in Sources */ = {isa = PBXBuildFile; fileRef = 1408A81F027A04FBFB970EFE /* PlaceholderA.swift */; };
		655351DF53567D5DA841ABBC /* DVFont.swift in Sources */ = {isa = PBXBuildFile; fileRef = 84CA9934244344F70CC66FAB /* DVFont.swift */; };
		6760EFD869C84716A14EC225 /* DVStepIndicatorPreviewView.swift in Sources */ = {isa = PBXBuildFile; fileRef = 4A7266DFF91D52437C3272F7 /* DVStepIndicatorPreviewView.swift */; };
		6D164666A7BA916AAD341317 /* DVDropdown.swift in Sources */ = {isa = PBXBuildFile; fileRef = 177A302BC7D6542A16D72579 /* DVDropdown.swift */; };
		6E366B271250F1444511B529 /* Color+DVColor.swift in Sources */ = {isa = PBXBuildFile; fileRef = AA62F71815825C32703D354B /* Color+DVColor.swift */; };
		77A58289D01161E2D07E0F1A /* DVMultiSelectDropdown.swift in Sources */ = {isa = PBXBuildFile; fileRef = EBE02B69A05DBDA6E2E6CD7C /* DVMultiSelectDropdown.swift */; };
		77DA1BDF81341D47E8440C74 /* DVLabeledField.swift in Sources */ = {isa = PBXBuildFile; fileRef = EB09DBFF650291C0CAF04BEC /* DVLabeledField.swift */; };
		78A9E83F9D5FEC574E5DF8A5 /* DVProjectContainer.swift in Sources */ = {isa = PBXBuildFile; fileRef = 8321DA3AEC5DEB016F562008 /* DVProjectContainer.swift */; };
		816DCCA39124BAF42D237B1B /* DVTitleBar.swift in Sources */ = {isa = PBXBuildFile; fileRef = 74C80A6AD3F5BF2AEB7B4E41 /* DVTitleBar.swift */; };
		8AFDC404E144B96AA3B300ED /* DVButton.swift in Sources */ = {isa = PBXBuildFile; fileRef = 7E41373FED75CB301A14D622 /* DVButton.swift */; };
		8C36AD34C1E45C223B5D47D8 /* Image+DVImage.swift in Sources */ = {isa = PBXBuildFile; fileRef = A26D013F3ED77C6FB752097C /* Image+DVImage.swift */; };
		8C7355C3D5EA180963DA8A6F /* PreviewHelpers.swift in Sources */ = {isa = PBXBuildFile; fileRef = 32461B9A1521ABA7F1729AA3 /* PreviewHelpers.swift */; };
		928AE38F922355AA60F15029 /* DVChipsField.swift in Sources */ = {isa = PBXBuildFile; fileRef = 9FCF29E52FB25D3D477CF4D4 /* DVChipsField.swift */; };
		982076C059BC2CA1998D6636 /* DVVaultContainerPreviewView.swift in Sources */ = {isa = PBXBuildFile; fileRef = 857ACEA71B2D99814DCF545B /* DVVaultContainerPreviewView.swift */; };
		99D3BD352AAF644D9636DF65 /* Assets.xcassets in Resources */ = {isa = PBXBuildFile; fileRef = A9C5EED85BA9EE96596932B6 /* Assets.xcassets */; };
		9AEA5632878981A5F789C8A8 /* DVRadioButton.swift in Sources */ = {isa = PBXBuildFile; fileRef = 8C304E4F46C7CB7A9748B11B /* DVRadioButton.swift */; };
		A16BA787530785535B8E2399 /* DVLabeledFieldPreviewView.swift in Sources */ = {isa = PBXBuildFile; fileRef = 9AECF75CF74BECCE06933E8A /* DVLabeledFieldPreviewView.swift */; };
		A966F11165224B77859FEEF9 /* DVSecretTypePreviewView.swift in Sources */ = {isa = PBXBuildFile; fileRef = F4ADDCB6AEF6236F0BE60867 /* DVSecretTypePreviewView.swift */; };
		AAA9199AAE7B198DBA17924A /* DVCheckBox.swift in Sources */ = {isa = PBXBuildFile; fileRef = B63BB9B3C2AC51B1779E2F9D /* DVCheckBox.swift */; };
		ADFFAC947F4FECA69FB2B9AA /* DVSecretType.swift in Sources */ = {isa = PBXBuildFile; fileRef = 44FCC81165950C9354A28A8C /* DVSecretType.swift */; };
		AF090F0E9900FC87B582AC95 /* DVChipPreviewView.swift in Sources */ = {isa = PBXBuildFile; fileRef = AE6DBDA50BF93B52A870B0C7 /* DVChipPreviewView.swift */; };
		B0806F8B6C8CF68D5D3ADF00 /* DVDropdownPreviewView.swift in Sources */ = {isa = PBXBuildFile; fileRef = 81ACBDC9F452B7A657B8E86E /* DVDropdownPreviewView.swift */; };
		B0E2B685192086E90AB8062B /* TypographyPreviewView.swift in Sources */ = {isa = PBXBuildFile; fileRef = F82BF52D50ECB29762583E08 /* TypographyPreviewView.swift */; };
		B25E65B6A22884B45B92F937 /* View+DVFont.swift in Sources */ = {isa = PBXBuildFile; fileRef = E8C9F5B94D6A8E1681A059AD /* View+DVFont.swift */; };
		BB24785739F52539142BB693 /* ServiceLogoCatalog.swift in Sources */ = {isa = PBXBuildFile; fileRef = A7EBE4172CC2E85A4606A5F7 /* ServiceLogoCatalog.swift */; };
		C0CCE5B53C91CCA8BAB6B60A /* DVFloatingPanel.swift in Sources */ = {isa = PBXBuildFile; fileRef = E5ADE7807C0939C945963866 /* DVFloatingPanel.swift */; };
		C447E61224C0E7C843A08051 /* DVCore.framework in Dependencies */ = {isa = PBXBuildFile; fileRef = E4533B92C71D90FAB269B02D /* DVCore.framework */; };
		C5860404793AAA28CC3FB6A7 /* ColorPreviewView.swift in Sources */ = {isa = PBXBuildFile; fileRef = 9802A76F3E8860547576DC2A /* ColorPreviewView.swift */; };
		CA8EBED0A2FA1835E410CA17 /* DVComponentSize.swift in Sources */ = {isa = PBXBuildFile; fileRef = 73812317B112DB018EFDA877 /* DVComponentSize.swift */; };
		CA907101AA5D5152B1018299 /* DVCheckBoxPreviewView.swift in Sources */ = {isa = PBXBuildFile; fileRef = 0B1397C6474F6BEB5F066324 /* DVCheckBoxPreviewView.swift */; };
		CCD3E4787458CFA56955C321 /* DVDesign_DVDesign.bundle in Resources */ = {isa = PBXBuildFile; fileRef = 28C8DCD4642006F92D413FCE /* DVDesign_DVDesign.bundle */; };
		CED75CE3377EE1AAD57B2BB8 /* DVProjectContainerPreviewView.swift in Sources */ = {isa = PBXBuildFile; fileRef = 1AFC12C52DC2E4AFDBA9F400 /* DVProjectContainerPreviewView.swift */; };
		D127100812006ABDFBB7226E /* DVVaultContainer.swift in Sources */ = {isa = PBXBuildFile; fileRef = 8C367D2651EF8305DBE6BCC2 /* DVVaultContainer.swift */; };
		D50B6908675167D61BFEA900 /* DVImage.swift in Sources */ = {isa = PBXBuildFile; fileRef = 21F18DF29A8CF8FD9ECD45B2 /* DVImage.swift */; };
		D898DBF60C6928797437A27E /* TextFieldPreviewView.swift in Sources */ = {isa = PBXBuildFile; fileRef = D0BCB77346A4552FA56F4EF8 /* TextFieldPreviewView.swift */; };
		DA7B01065A704F9F9F1F7552 /* DVCategory.swift in Sources */ = {isa = PBXBuildFile; fileRef = 8C78E8D13866BB2755B2252B /* DVCategory.swift */; };
		DEE7C68DC7B6CB4A33876600 /* DVMultilineTextFieldPreviewView.swift in Sources */ = {isa = PBXBuildFile; fileRef = CC8C602D233DE6833271267E /* DVMultilineTextFieldPreviewView.swift */; };
		DFD25D0AFF046CB043602686 /* DVCategoryPreviewView.swift in Sources */ = {isa = PBXBuildFile; fileRef = 36D2EF581C7301499C67719F /* DVCategoryPreviewView.swift */; };
		E76B561DF36EB3D842EB5FFB /* DVChipsFieldPreviewView.swift in Sources */ = {isa = PBXBuildFile; fileRef = BFF18DFDB756D88C48AF543E /* DVChipsFieldPreviewView.swift */; };
		F548D769405AB74895BCF5FE /* DVStepIndicator.swift in Sources */ = {isa = PBXBuildFile; fileRef = A0A2CF5DD30195006BCA87BA /* DVStepIndicator.swift */; };
		F5DAAC7A5BC3E37D5F29B742 /* DVChip.swift in Sources */ = {isa = PBXBuildFile; fileRef = 079AB52CF6BEF49EFDBC6D9D /* DVChip.swift */; };
		F7B4F16E5EE33F0BA77764F4 /* DVRadioButtonGroup.swift in Sources */ = {isa = PBXBuildFile; fileRef = BCCA83F35F66903273B1B2CE /* DVRadioButtonGroup.swift */; };
		FA02CAF9E2975DBA608F7F99 /* Assets.xcassets in Sources */ = {isa = PBXBuildFile; fileRef = A9C5EED85BA9EE96596932B6 /* Assets.xcassets */; };
		FC2BBA0EC618CAB21F58E2F8 /* DVProjectRenameContainer.swift in Sources */ = {isa = PBXBuildFile; fileRef = D2F952244F1A18C5AD30E31C /* DVProjectRenameContainer.swift */; };
		FD52B17BDFD7ABECA48497DD /* Color+Hex.swift in Sources */ = {isa = PBXBuildFile; fileRef = 2DAFDCFCE70451BF5B5DE77C /* Color+Hex.swift */; };
/* End PBXBuildFile section */

/* Begin PBXContainerItemProxy section */
		1B4DD8514D1EE6FA2156DD0D /* PBXContainerItemProxy */ = {
			isa = PBXContainerItemProxy;
			containerPortal = 4BAF81A62A96256FC9A2314D /* Project object */;
			proxyType = 1;
			remoteGlobalIDString = B4A696299FF9529ABB1CC05A;
			remoteInfo = DVDesign;
		};
		53D9A0EA0BF25B4F341E4570 /* PBXContainerItemProxy */ = {
			isa = PBXContainerItemProxy;
			containerPortal = 4BAF81A62A96256FC9A2314D /* Project object */;
			proxyType = 1;
			remoteGlobalIDString = DA6ACE47BBB006EB9D85974B;
			remoteInfo = DVDesign_DVDesign;
		};
/* End PBXContainerItemProxy section */

/* Begin PBXCopyFilesBuildPhase section */
		171FFD35F1CC23C6C6CB59D6 /* Embed Frameworks */ = {
			isa = PBXCopyFilesBuildPhase;
			buildActionMask = 2147483647;
			dstPath = "";
			dstSubfolderSpec = 10;
			files = (
			);
			name = "Embed Frameworks";
			runOnlyForDeploymentPostprocessing = 0;
		};
		4A063952ABA04977750221B1 /* Embed Frameworks */ = {
			isa = PBXCopyFilesBuildPhase;
			buildActionMask = 2147483647;
			dstPath = "";
			dstSubfolderSpec = 10;
			files = (
			);
			name = "Embed Frameworks";
			runOnlyForDeploymentPostprocessing = 0;
		};
		862CB1922B22D2569463BDCA /* Embed Frameworks */ = {
			isa = PBXCopyFilesBuildPhase;
			buildActionMask = 2147483647;
			dstPath = "";
			dstSubfolderSpec = 10;
			files = (
			);
			name = "Embed Frameworks";
			runOnlyForDeploymentPostprocessing = 0;
		};
		C68549AF9DEA0B1E368DA07B /* Dependencies */ = {
			isa = PBXCopyFilesBuildPhase;
			buildActionMask = 8;
			dstSubfolderSpec = 16;
			files = (
				31770B107B26D71797726C5A /* DVDesign_DVDesign.bundle in Dependencies */,
			);
			name = Dependencies;
			runOnlyForDeploymentPostprocessing = 1;
		};
		F43639707D9CA14CB6C26319 /* Dependencies */ = {
			isa = PBXCopyFilesBuildPhase;
			buildActionMask = 8;
			dstSubfolderSpec = 16;
			files = (
				C447E61224C0E7C843A08051 /* DVCore.framework in Dependencies */,
			);
			name = Dependencies;
			runOnlyForDeploymentPostprocessing = 1;
		};
/* End PBXCopyFilesBuildPhase section */

/* Begin PBXFileReference section */
		04332B8C6319F164D87FBEB3 /* DVExpiryEmphasis.swift */ = {isa = PBXFileReference; lastKnownFileType = sourcecode.swift; path = DVExpiryEmphasis.swift; sourceTree = "<group>"; };
		079AB52CF6BEF49EFDBC6D9D /* DVChip.swift */ = {isa = PBXFileReference; lastKnownFileType = sourcecode.swift; path = DVChip.swift; sourceTree = "<group>"; };
		0B1397C6474F6BEB5F066324 /* DVCheckBoxPreviewView.swift */ = {isa = PBXFileReference; lastKnownFileType = sourcecode.swift; path = DVCheckBoxPreviewView.swift; sourceTree = "<group>"; };
		0E6D8F1C84D27B80C6E82EFE /* DVDesign-Info.plist */ = {isa = PBXFileReference; lastKnownFileType = text.plist; path = "DVDesign-Info.plist"; sourceTree = "<group>"; };
		106E887BDD98FE546A3D9D66 /* HoverTooltip.swift */ = {isa = PBXFileReference; lastKnownFileType = sourcecode.swift; path = HoverTooltip.swift; sourceTree = "<group>"; };
		10CCC33F02E40D56C752E4CE /* DVTextContainer.swift */ = {isa = PBXFileReference; lastKnownFileType = sourcecode.swift; path = DVTextContainer.swift; sourceTree = "<group>"; };
		1408A81F027A04FBFB970EFE /* PlaceholderA.swift */ = {isa = PBXFileReference; lastKnownFileType = sourcecode.swift; path = PlaceholderA.swift; sourceTree = "<group>"; };
		177A302BC7D6542A16D72579 /* DVDropdown.swift */ = {isa = PBXFileReference; lastKnownFileType = sourcecode.swift; path = DVDropdown.swift; sourceTree = "<group>"; };
		1AFC12C52DC2E4AFDBA9F400 /* DVProjectContainerPreviewView.swift */ = {isa = PBXFileReference; lastKnownFileType = sourcecode.swift; path = DVProjectContainerPreviewView.swift; sourceTree = "<group>"; };
		1BC48529907145B9B3E6A966 /* DVComponentWidthPolicy.swift */ = {isa = PBXFileReference; lastKnownFileType = sourcecode.swift; path = DVComponentWidthPolicy.swift; sourceTree = "<group>"; };
		20AC5EE472B97DDB0F6D8E6D /* DVTextField.swift */ = {isa = PBXFileReference; lastKnownFileType = sourcecode.swift; path = DVTextField.swift; sourceTree = "<group>"; };
		21F18DF29A8CF8FD9ECD45B2 /* DVImage.swift */ = {isa = PBXFileReference; lastKnownFileType = sourcecode.swift; path = DVImage.swift; sourceTree = "<group>"; };
		269843B81F1E78D0DCB8B523 /* View+DVColor.swift */ = {isa = PBXFileReference; lastKnownFileType = sourcecode.swift; path = "View+DVColor.swift"; sourceTree = "<group>"; };
		28C8DCD4642006F92D413FCE /* DVDesign_DVDesign.bundle */ = {isa = PBXFileReference; explicitFileType = wrapper.cfbundle; includeInIndex = 0; path = DVDesign_DVDesign.bundle; sourceTree = BUILT_PRODUCTS_DIR; };
		2DAFDCFCE70451BF5B5DE77C /* Color+Hex.swift */ = {isa = PBXFileReference; lastKnownFileType = sourcecode.swift; path = "Color+Hex.swift"; sourceTree = "<group>"; };
		32461B9A1521ABA7F1729AA3 /* PreviewHelpers.swift */ = {isa = PBXFileReference; lastKnownFileType = sourcecode.swift; path = PreviewHelpers.swift; sourceTree = "<group>"; };
		36D2EF581C7301499C67719F /* DVCategoryPreviewView.swift */ = {isa = PBXFileReference; lastKnownFileType = sourcecode.swift; path = DVCategoryPreviewView.swift; sourceTree = "<group>"; };
		3ADBF4773E28D4A5C7C04282 /* TuistBundle+DVDesign.swift */ = {isa = PBXFileReference; lastKnownFileType = sourcecode.swift; path = "TuistBundle+DVDesign.swift"; sourceTree = "<group>"; };
		44FCC81165950C9354A28A8C /* DVSecretType.swift */ = {isa = PBXFileReference; lastKnownFileType = sourcecode.swift; path = DVSecretType.swift; sourceTree = "<group>"; };
		4A7266DFF91D52437C3272F7 /* DVStepIndicatorPreviewView.swift */ = {isa = PBXFileReference; lastKnownFileType = sourcecode.swift; path = DVStepIndicatorPreviewView.swift; sourceTree = "<group>"; };
		52A90233FCF24A42C5C0846B /* DVFlowLayout.swift */ = {isa = PBXFileReference; lastKnownFileType = sourcecode.swift; path = DVFlowLayout.swift; sourceTree = "<group>"; };
		5A7E9EA286AAEE9720040821 /* SizePreviewView.swift */ = {isa = PBXFileReference; lastKnownFileType = sourcecode.swift; path = SizePreviewView.swift; sourceTree = "<group>"; };
		6654B210584E3E7FFA315638 /* DVDesignSampleApp.swift */ = {isa = PBXFileReference; lastKnownFileType = sourcecode.swift; path = DVDesignSampleApp.swift; sourceTree = "<group>"; };
		66A1DA522424692041C6E934 /* PlaceholderB.swift */ = {isa = PBXFileReference; lastKnownFileType = sourcecode.swift; path = PlaceholderB.swift; sourceTree = "<group>"; };
		68F91387A660B718DFB9BE42 /* DVDesignSampleApp-Info.plist */ = {isa = PBXFileReference; lastKnownFileType = text.plist; path = "DVDesignSampleApp-Info.plist"; sourceTree = "<group>"; };
		73812317B112DB018EFDA877 /* DVComponentSize.swift */ = {isa = PBXFileReference; lastKnownFileType = sourcecode.swift; path = DVComponentSize.swift; sourceTree = "<group>"; };
		74C80A6AD3F5BF2AEB7B4E41 /* DVTitleBar.swift */ = {isa = PBXFileReference; lastKnownFileType = sourcecode.swift; path = DVTitleBar.swift; sourceTree = "<group>"; };
		7D7B46807429EB31C51F5ED8 /* DVChipsContainer.swift */ = {isa = PBXFileReference; lastKnownFileType = sourcecode.swift; path = DVChipsContainer.swift; sourceTree = "<group>"; };
		7E41373FED75CB301A14D622 /* DVButton.swift */ = {isa = PBXFileReference; lastKnownFileType = sourcecode.swift; path = DVButton.swift; sourceTree = "<group>"; };
		81ACBDC9F452B7A657B8E86E /* DVDropdownPreviewView.swift */ = {isa = PBXFileReference; lastKnownFileType = sourcecode.swift; path = DVDropdownPreviewView.swift; sourceTree = "<group>"; };
		8321DA3AEC5DEB016F562008 /* DVProjectContainer.swift */ = {isa = PBXFileReference; lastKnownFileType = sourcecode.swift; path = DVProjectContainer.swift; sourceTree = "<group>"; };
		84CA9934244344F70CC66FAB /* DVFont.swift */ = {isa = PBXFileReference; lastKnownFileType = sourcecode.swift; path = DVFont.swift; sourceTree = "<group>"; };
		857ACEA71B2D99814DCF545B /* DVVaultContainerPreviewView.swift */ = {isa = PBXFileReference; lastKnownFileType = sourcecode.swift; path = DVVaultContainerPreviewView.swift; sourceTree = "<group>"; };
		8750F217F834095A0B92DAA7 /* DVDesign_DVDesign-Info.plist */ = {isa = PBXFileReference; lastKnownFileType = text.plist; path = "DVDesign_DVDesign-Info.plist"; sourceTree = "<group>"; };
		8C304E4F46C7CB7A9748B11B /* DVRadioButton.swift */ = {isa = PBXFileReference; lastKnownFileType = sourcecode.swift; path = DVRadioButton.swift; sourceTree = "<group>"; };
		8C367D2651EF8305DBE6BCC2 /* DVVaultContainer.swift */ = {isa = PBXFileReference; lastKnownFileType = sourcecode.swift; path = DVVaultContainer.swift; sourceTree = "<group>"; };
		8C78E8D13866BB2755B2252B /* DVCategory.swift */ = {isa = PBXFileReference; lastKnownFileType = sourcecode.swift; path = DVCategory.swift; sourceTree = "<group>"; };
		93B9B932A401DC519990D084 /* DVMultilineTextContainer.swift */ = {isa = PBXFileReference; lastKnownFileType = sourcecode.swift; path = DVMultilineTextContainer.swift; sourceTree = "<group>"; };
		9802A76F3E8860547576DC2A /* ColorPreviewView.swift */ = {isa = PBXFileReference; lastKnownFileType = sourcecode.swift; path = ColorPreviewView.swift; sourceTree = "<group>"; };
		9AECF75CF74BECCE06933E8A /* DVLabeledFieldPreviewView.swift */ = {isa = PBXFileReference; lastKnownFileType = sourcecode.swift; path = DVLabeledFieldPreviewView.swift; sourceTree = "<group>"; };
		9FCF29E52FB25D3D477CF4D4 /* DVChipsField.swift */ = {isa = PBXFileReference; lastKnownFileType = sourcecode.swift; path = DVChipsField.swift; sourceTree = "<group>"; };
		A0A2CF5DD30195006BCA87BA /* DVStepIndicator.swift */ = {isa = PBXFileReference; lastKnownFileType = sourcecode.swift; path = DVStepIndicator.swift; sourceTree = "<group>"; };
		A26D013F3ED77C6FB752097C /* Image+DVImage.swift */ = {isa = PBXFileReference; lastKnownFileType = sourcecode.swift; path = "Image+DVImage.swift"; sourceTree = "<group>"; };
		A33413D47A8AD374779D8127 /* RadioButtonPreviewView.swift */ = {isa = PBXFileReference; lastKnownFileType = sourcecode.swift; path = RadioButtonPreviewView.swift; sourceTree = "<group>"; };
		A391B05AA0D2F24AFCADD78B /* DVTitleBarPreviewView.swift */ = {isa = PBXFileReference; lastKnownFileType = sourcecode.swift; path = DVTitleBarPreviewView.swift; sourceTree = "<group>"; };
		A7EBE4172CC2E85A4606A5F7 /* ServiceLogoCatalog.swift */ = {isa = PBXFileReference; lastKnownFileType = sourcecode.swift; path = ServiceLogoCatalog.swift; sourceTree = "<group>"; };
		A9C5EED85BA9EE96596932B6 /* Assets.xcassets */ = {isa = PBXFileReference; lastKnownFileType = folder.assetcatalog; path = Assets.xcassets; sourceTree = "<group>"; };
		A9FACF39F785475013F910DD /* DVDesign.framework */ = {isa = PBXFileReference; explicitFileType = wrapper.framework; includeInIndex = 0; path = DVDesign.framework; sourceTree = BUILT_PRODUCTS_DIR; };
		AA62F71815825C32703D354B /* Color+DVColor.swift */ = {isa = PBXFileReference; lastKnownFileType = sourcecode.swift; path = "Color+DVColor.swift"; sourceTree = "<group>"; };
		AE6DBDA50BF93B52A870B0C7 /* DVChipPreviewView.swift */ = {isa = PBXFileReference; lastKnownFileType = sourcecode.swift; path = DVChipPreviewView.swift; sourceTree = "<group>"; };
		B13D8FB6A25CBDB0D1CAE20B /* Font+DVFont.swift */ = {isa = PBXFileReference; lastKnownFileType = sourcecode.swift; path = "Font+DVFont.swift"; sourceTree = "<group>"; };
		B63BB9B3C2AC51B1779E2F9D /* DVCheckBox.swift */ = {isa = PBXFileReference; lastKnownFileType = sourcecode.swift; path = DVCheckBox.swift; sourceTree = "<group>"; };
		B650B0D88515F4185A588F97 /* TuistAssets+DVDesign.swift */ = {isa = PBXFileReference; lastKnownFileType = sourcecode.swift; path = "TuistAssets+DVDesign.swift"; sourceTree = "<group>"; };
		B729FFE53BD386888DCBB022 /* DVDesignSampleApp.app */ = {isa = PBXFileReference; explicitFileType = wrapper.application; includeInIndex = 0; path = DVDesignSampleApp.app; sourceTree = BUILT_PRODUCTS_DIR; };
		BCCA83F35F66903273B1B2CE /* DVRadioButtonGroup.swift */ = {isa = PBXFileReference; lastKnownFileType = sourcecode.swift; path = DVRadioButtonGroup.swift; sourceTree = "<group>"; };
		BFF18DFDB756D88C48AF543E /* DVChipsFieldPreviewView.swift */ = {isa = PBXFileReference; lastKnownFileType = sourcecode.swift; path = DVChipsFieldPreviewView.swift; sourceTree = "<group>"; };
		C701AADDF09078624D957F01 /* TextContainerPreviewView.swift */ = {isa = PBXFileReference; lastKnownFileType = sourcecode.swift; path = TextContainerPreviewView.swift; sourceTree = "<group>"; };
		C898B59F748F1A00DCA49071 /* DVButtonPreviewView.swift */ = {isa = PBXFileReference; lastKnownFileType = sourcecode.swift; path = DVButtonPreviewView.swift; sourceTree = "<group>"; };
		CC8C602D233DE6833271267E /* DVMultilineTextFieldPreviewView.swift */ = {isa = PBXFileReference; lastKnownFileType = sourcecode.swift; path = DVMultilineTextFieldPreviewView.swift; sourceTree = "<group>"; };
		D0BCB77346A4552FA56F4EF8 /* TextFieldPreviewView.swift */ = {isa = PBXFileReference; lastKnownFileType = sourcecode.swift; path = TextFieldPreviewView.swift; sourceTree = "<group>"; };
		D2F952244F1A18C5AD30E31C /* DVProjectRenameContainer.swift */ = {isa = PBXFileReference; lastKnownFileType = sourcecode.swift; path = DVProjectRenameContainer.swift; sourceTree = "<group>"; };
		D918F56487AF8EAE5BA02E07 /* progress.lottie */ = {isa = PBXFileReference; path = progress.lottie; sourceTree = "<group>"; };
		E09793C03E117C5EDF4F1E96 /* DVMultilineTextField.swift */ = {isa = PBXFileReference; lastKnownFileType = sourcecode.swift; path = DVMultilineTextField.swift; sourceTree = "<group>"; };
		E4533B92C71D90FAB269B02D /* DVCore.framework */ = {isa = PBXFileReference; explicitFileType = wrapper.framework; includeInIndex = 0; path = DVCore.framework; sourceTree = BUILT_PRODUCTS_DIR; };
		E5ADE7807C0939C945963866 /* DVFloatingPanel.swift */ = {isa = PBXFileReference; lastKnownFileType = sourcecode.swift; path = DVFloatingPanel.swift; sourceTree = "<group>"; };
		E8C9F5B94D6A8E1681A059AD /* View+DVFont.swift */ = {isa = PBXFileReference; lastKnownFileType = sourcecode.swift; path = "View+DVFont.swift"; sourceTree = "<group>"; };
		EB09DBFF650291C0CAF04BEC /* DVLabeledField.swift */ = {isa = PBXFileReference; lastKnownFileType = sourcecode.swift; path = DVLabeledField.swift; sourceTree = "<group>"; };
		EBE02B69A05DBDA6E2E6CD7C /* DVMultiSelectDropdown.swift */ = {isa = PBXFileReference; lastKnownFileType = sourcecode.swift; path = DVMultiSelectDropdown.swift; sourceTree = "<group>"; };
		F4ADDCB6AEF6236F0BE60867 /* DVSecretTypePreviewView.swift */ = {isa = PBXFileReference; lastKnownFileType = sourcecode.swift; path = DVSecretTypePreviewView.swift; sourceTree = "<group>"; };
		F635A31BDC57AB62F5552792 /* ContentView.swift */ = {isa = PBXFileReference; lastKnownFileType = sourcecode.swift; path = ContentView.swift; sourceTree = "<group>"; };
		F82BF52D50ECB29762583E08 /* TypographyPreviewView.swift */ = {isa = PBXFileReference; lastKnownFileType = sourcecode.swift; path = TypographyPreviewView.swift; sourceTree = "<group>"; };
		FD18707BBC83FCBDA80FC536 /* DVColor.swift */ = {isa = PBXFileReference; lastKnownFileType = sourcecode.swift; path = DVColor.swift; sourceTree = "<group>"; };
/* End PBXFileReference section */

/* Begin PBXFrameworksBuildPhase section */
		9CD9193D9F63803282BEAD42 /* Frameworks */ = {
			isa = PBXFrameworksBuildPhase;
			buildActionMask = 2147483647;
			files = (
			);
			runOnlyForDeploymentPostprocessing = 0;
		};
		A344915D6E242BBF50346ECF /* Frameworks */ = {
			isa = PBXFrameworksBuildPhase;
			buildActionMask = 2147483647;
			files = (
				2AB9174E5814F2875D4DD0BF /* DVCore.framework in Frameworks */,
				250256CE94C7EE24589A84F2 /* DVDesign.framework in Frameworks */,
			);
			runOnlyForDeploymentPostprocessing = 0;
		};
		B646AD7D02041CD241686830 /* Frameworks */ = {
			isa = PBXFrameworksBuildPhase;
			buildActionMask = 2147483647;
			files = (
			);
			runOnlyForDeploymentPostprocessing = 0;
		};
/* End PBXFrameworksBuildPhase section */

/* Begin PBXGroup section */
		09F212B34F184761E8897742 /* Tooltip */ = {
			isa = PBXGroup;
			children = (
				106E887BDD98FE546A3D9D66 /* HoverTooltip.swift */,
			);
			path = Tooltip;
			sourceTree = "<group>";
		};
		13C0A2FA2214E5B9BEF0E1A8 /* Sizing */ = {
			isa = PBXGroup;
			children = (
				73812317B112DB018EFDA877 /* DVComponentSize.swift */,
				1BC48529907145B9B3E6A966 /* DVComponentWidthPolicy.swift */,
			);
			path = Sizing;
			sourceTree = "<group>";
		};
		25A403C2E0C1BFFF5F43330A /* Foundations */ = {
			isa = PBXGroup;
			children = (
				4E6273B04065EB205D417253 /* Color */,
				CAD5FF675EB087FF9D87A44D /* Expiry */,
				66E125CDEAF3D8929EF1E631 /* Fonts */,
				54A47987B95BF9265D6B3CCC /* Image */,
				F81DAB5CE2F91246051435EE /* ServiceLogo */,
				13C0A2FA2214E5B9BEF0E1A8 /* Sizing */,
				09F212B34F184761E8897742 /* Tooltip */,
			);
			path = Foundations;
			sourceTree = "<group>";
		};
		31A86FA3E439EB2713BD25D0 /* Resources */ = {
			isa = PBXGroup;
			children = (
				B420262E5E4C579CB7F32398 /* Lottie */,
				A9C5EED85BA9EE96596932B6 /* Assets.xcassets */,
			);
			path = Resources;
			sourceTree = "<group>";
		};
		3AD25C0D649D77A2A019F8FB /* Extensions */ = {
			isa = PBXGroup;
			children = (
				66A1DA522424692041C6E934 /* PlaceholderB.swift */,
			);
			path = Extensions;
			sourceTree = "<group>";
		};
		441C19E30999096CD799FFC3 /* Derived */ = {
			isa = PBXGroup;
			children = (
				5EF9177B98699AB1FBC44A13 /* InfoPlists */,
				AD8192CD19850FDAC72F343F /* Sources */,
			);
			path = Derived;
			sourceTree = "<group>";
		};
		4E6273B04065EB205D417253 /* Color */ = {
			isa = PBXGroup;
			children = (
				AA62F71815825C32703D354B /* Color+DVColor.swift */,
				2DAFDCFCE70451BF5B5DE77C /* Color+Hex.swift */,
				FD18707BBC83FCBDA80FC536 /* DVColor.swift */,
				269843B81F1E78D0DCB8B523 /* View+DVColor.swift */,
			);
			path = Color;
			sourceTree = "<group>";
		};
		54A47987B95BF9265D6B3CCC /* Image */ = {
			isa = PBXGroup;
			children = (
				21F18DF29A8CF8FD9ECD45B2 /* DVImage.swift */,
				A26D013F3ED77C6FB752097C /* Image+DVImage.swift */,
			);
			path = Image;
			sourceTree = "<group>";
		};
		5EF9177B98699AB1FBC44A13 /* InfoPlists */ = {
			isa = PBXGroup;
			children = (
				8750F217F834095A0B92DAA7 /* DVDesign_DVDesign-Info.plist */,
				0E6D8F1C84D27B80C6E82EFE /* DVDesign-Info.plist */,
				68F91387A660B718DFB9BE42 /* DVDesignSampleApp-Info.plist */,
			);
			path = InfoPlists;
			sourceTree = "<group>";
		};
		66E125CDEAF3D8929EF1E631 /* Fonts */ = {
			isa = PBXGroup;
			children = (
				84CA9934244344F70CC66FAB /* DVFont.swift */,
				B13D8FB6A25CBDB0D1CAE20B /* Font+DVFont.swift */,
				E8C9F5B94D6A8E1681A059AD /* View+DVFont.swift */,
			);
			path = Fonts;
			sourceTree = "<group>";
		};
		6EA1703065AE1E3208FDDE22 /* Components */ = {
			isa = PBXGroup;
			children = (
				AFEEB6EF4EC0CEB9CC3CD417 /* RadioButton */,
				7E41373FED75CB301A14D622 /* DVButton.swift */,
				8C78E8D13866BB2755B2252B /* DVCategory.swift */,
				B63BB9B3C2AC51B1779E2F9D /* DVCheckBox.swift */,
				079AB52CF6BEF49EFDBC6D9D /* DVChip.swift */,
				7D7B46807429EB31C51F5ED8 /* DVChipsContainer.swift */,
				9FCF29E52FB25D3D477CF4D4 /* DVChipsField.swift */,
				177A302BC7D6542A16D72579 /* DVDropdown.swift */,
				E5ADE7807C0939C945963866 /* DVFloatingPanel.swift */,
				52A90233FCF24A42C5C0846B /* DVFlowLayout.swift */,
				EB09DBFF650291C0CAF04BEC /* DVLabeledField.swift */,
				93B9B932A401DC519990D084 /* DVMultilineTextContainer.swift */,
				E09793C03E117C5EDF4F1E96 /* DVMultilineTextField.swift */,
				EBE02B69A05DBDA6E2E6CD7C /* DVMultiSelectDropdown.swift */,
				8321DA3AEC5DEB016F562008 /* DVProjectContainer.swift */,
				D2F952244F1A18C5AD30E31C /* DVProjectRenameContainer.swift */,
				44FCC81165950C9354A28A8C /* DVSecretType.swift */,
				A0A2CF5DD30195006BCA87BA /* DVStepIndicator.swift */,
				10CCC33F02E40D56C752E4CE /* DVTextContainer.swift */,
				20AC5EE472B97DDB0F6D8E6D /* DVTextField.swift */,
				74C80A6AD3F5BF2AEB7B4E41 /* DVTitleBar.swift */,
				8C367D2651EF8305DBE6BCC2 /* DVVaultContainer.swift */,
				1408A81F027A04FBFB970EFE /* PlaceholderA.swift */,
			);
			path = Components;
			sourceTree = "<group>";
		};
		AA853BC6AA5C76387CC0537F = {
			isa = PBXGroup;
			children = (
				DBBF792E39A2C082D23EE421 /* Products */,
				E27568D5C451624D82ED794D /* Project */,
			);
			sourceTree = "<group>";
		};
		AB1F85F81EE359E54B3D9060 /* Sources */ = {
			isa = PBXGroup;
			children = (
				9802A76F3E8860547576DC2A /* ColorPreviewView.swift */,
				F635A31BDC57AB62F5552792 /* ContentView.swift */,
				C898B59F748F1A00DCA49071 /* DVButtonPreviewView.swift */,
				36D2EF581C7301499C67719F /* DVCategoryPreviewView.swift */,
				0B1397C6474F6BEB5F066324 /* DVCheckBoxPreviewView.swift */,
				AE6DBDA50BF93B52A870B0C7 /* DVChipPreviewView.swift */,
				BFF18DFDB756D88C48AF543E /* DVChipsFieldPreviewView.swift */,
				6654B210584E3E7FFA315638 /* DVDesignSampleApp.swift */,
				81ACBDC9F452B7A657B8E86E /* DVDropdownPreviewView.swift */,
				9AECF75CF74BECCE06933E8A /* DVLabeledFieldPreviewView.swift */,
				CC8C602D233DE6833271267E /* DVMultilineTextFieldPreviewView.swift */,
				1AFC12C52DC2E4AFDBA9F400 /* DVProjectContainerPreviewView.swift */,
				F4ADDCB6AEF6236F0BE60867 /* DVSecretTypePreviewView.swift */,
				4A7266DFF91D52437C3272F7 /* DVStepIndicatorPreviewView.swift */,
				A391B05AA0D2F24AFCADD78B /* DVTitleBarPreviewView.swift */,
				857ACEA71B2D99814DCF545B /* DVVaultContainerPreviewView.swift */,
				32461B9A1521ABA7F1729AA3 /* PreviewHelpers.swift */,
				A33413D47A8AD374779D8127 /* RadioButtonPreviewView.swift */,
				5A7E9EA286AAEE9720040821 /* SizePreviewView.swift */,
				C701AADDF09078624D957F01 /* TextContainerPreviewView.swift */,
				D0BCB77346A4552FA56F4EF8 /* TextFieldPreviewView.swift */,
				F82BF52D50ECB29762583E08 /* TypographyPreviewView.swift */,
			);
			path = Sources;
			sourceTree = "<group>";
		};
		AD8192CD19850FDAC72F343F /* Sources */ = {
			isa = PBXGroup;
			children = (
				B650B0D88515F4185A588F97 /* TuistAssets+DVDesign.swift */,
				3ADBF4773E28D4A5C7C04282 /* TuistBundle+DVDesign.swift */,
			);
			path = Sources;
			sourceTree = "<group>";
		};
		AFEEB6EF4EC0CEB9CC3CD417 /* RadioButton */ = {
			isa = PBXGroup;
			children = (
				8C304E4F46C7CB7A9748B11B /* DVRadioButton.swift */,
				BCCA83F35F66903273B1B2CE /* DVRadioButtonGroup.swift */,
			);
			path = RadioButton;
			sourceTree = "<group>";
		};
		B420262E5E4C579CB7F32398 /* Lottie */ = {
			isa = PBXGroup;
			children = (
				D918F56487AF8EAE5BA02E07 /* progress.lottie */,
			);
			path = Lottie;
			sourceTree = "<group>";
		};
		CAD5FF675EB087FF9D87A44D /* Expiry */ = {
			isa = PBXGroup;
			children = (
				04332B8C6319F164D87FBEB3 /* DVExpiryEmphasis.swift */,
			);
			path = Expiry;
			sourceTree = "<group>";
		};
		DBBF792E39A2C082D23EE421 /* Products */ = {
			isa = PBXGroup;
			children = (
				E4533B92C71D90FAB269B02D /* DVCore.framework */,
				28C8DCD4642006F92D413FCE /* DVDesign_DVDesign.bundle */,
				A9FACF39F785475013F910DD /* DVDesign.framework */,
				B729FFE53BD386888DCBB022 /* DVDesignSampleApp.app */,
			);
			name = Products;
			sourceTree = "<group>";
		};
		DE478C1DCD7EDE4BB9ECF40D /* SampleApp */ = {
			isa = PBXGroup;
			children = (
				AB1F85F81EE359E54B3D9060 /* Sources */,
			);
			path = SampleApp;
			sourceTree = "<group>";
		};
		E27568D5C451624D82ED794D /* Project */ = {
			isa = PBXGroup;
			children = (
				441C19E30999096CD799FFC3 /* Derived */,
				31A86FA3E439EB2713BD25D0 /* Resources */,
				DE478C1DCD7EDE4BB9ECF40D /* SampleApp */,
				FA595247A87FC2C925EB3D93 /* Sources */,
			);
			name = Project;
			sourceTree = "<group>";
		};
		F81DAB5CE2F91246051435EE /* ServiceLogo */ = {
			isa = PBXGroup;
			children = (
				A7EBE4172CC2E85A4606A5F7 /* ServiceLogoCatalog.swift */,
			);
			path = ServiceLogo;
			sourceTree = "<group>";
		};
		FA595247A87FC2C925EB3D93 /* Sources */ = {
			isa = PBXGroup;
			children = (
				6EA1703065AE1E3208FDDE22 /* Components */,
				3AD25C0D649D77A2A019F8FB /* Extensions */,
				25A403C2E0C1BFFF5F43330A /* Foundations */,
			);
			path = Sources;
			sourceTree = "<group>";
		};
/* End PBXGroup section */

/* Begin PBXNativeTarget section */
		4991AA12EECC808D60CC2079 /* DVDesignSampleApp */ = {
			isa = PBXNativeTarget;
			buildConfigurationList = E06410E1E8981557423A3648 /* Build configuration list for PBXNativeTarget "DVDesignSampleApp" */;
			buildPhases = (
				398A9FACBD81654C217259C8 /* Sources */,
				9231044271CE9FB37DDAD380 /* Resources */,
				A344915D6E242BBF50346ECF /* Frameworks */,
				862CB1922B22D2569463BDCA /* Embed Frameworks */,
				C68549AF9DEA0B1E368DA07B /* Dependencies */,
			);
			buildRules = (
			);
			dependencies = (
				9B454024380663A10A8BBEBD /* PBXTargetDependency */,
			);
			name = DVDesignSampleApp;
			packageProductDependencies = (
			);
			productName = DVDesignSampleApp;
			productReference = B729FFE53BD386888DCBB022 /* DVDesignSampleApp.app */;
			productType = "com.apple.product-type.application";
		};
		B4A696299FF9529ABB1CC05A /* DVDesign */ = {
			isa = PBXNativeTarget;
			buildConfigurationList = E023479A7ED1C6CF024981F1 /* Build configuration list for PBXNativeTarget "DVDesign" */;
			buildPhases = (
				E002EFFF3ACD06A1D55A17C8 /* Sources */,
				B9A891640AD96702950D890F /* Resources */,
				9CD9193D9F63803282BEAD42 /* Frameworks */,
				4A063952ABA04977750221B1 /* Embed Frameworks */,
				F43639707D9CA14CB6C26319 /* Dependencies */,
			);
			buildRules = (
			);
			dependencies = (
				7EDA22F3AE23E724ECEB98FB /* PBXTargetDependency */,
			);
			name = DVDesign;
			packageProductDependencies = (
			);
			productName = DVDesign;
			productReference = A9FACF39F785475013F910DD /* DVDesign.framework */;
			productType = "com.apple.product-type.framework";
		};
		DA6ACE47BBB006EB9D85974B /* DVDesign_DVDesign */ = {
			isa = PBXNativeTarget;
			buildConfigurationList = F585272C605CADABFBB117B9 /* Build configuration list for PBXNativeTarget "DVDesign_DVDesign" */;
			buildPhases = (
				E015216A723B54DEB6F9B5DB /* Sources */,
				3DB71D5045CCD5019CC83C23 /* Resources */,
				B646AD7D02041CD241686830 /* Frameworks */,
				171FFD35F1CC23C6C6CB59D6 /* Embed Frameworks */,
			);
			buildRules = (
			);
			dependencies = (
			);
			name = DVDesign_DVDesign;
			packageProductDependencies = (
			);
			productName = DVDesign_DVDesign;
			productReference = 28C8DCD4642006F92D413FCE /* DVDesign_DVDesign.bundle */;
			productType = "com.apple.product-type.bundle";
		};
/* End PBXNativeTarget section */

/* Begin PBXProject section */
		4BAF81A62A96256FC9A2314D /* Project object */ = {
			isa = PBXProject;
			attributes = {
				BuildIndependentTargetsInParallel = YES;
				TargetAttributes = {
				};
			};
			buildConfigurationList = 3622373A9CDF8A880083DBA0 /* Build configuration list for PBXProject "DVDesign" */;
			compatibilityVersion = "Xcode 14.0";
			developmentRegion = en;
			hasScannedForEncodings = 0;
			knownRegions = (
				Base,
				en,
			);
			mainGroup = AA853BC6AA5C76387CC0537F;
			productRefGroup = DBBF792E39A2C082D23EE421 /* Products */;
			projectDirPath = "";
			projectRoot = "";
			targets = (
				B4A696299FF9529ABB1CC05A /* DVDesign */,
				4991AA12EECC808D60CC2079 /* DVDesignSampleApp */,
				DA6ACE47BBB006EB9D85974B /* DVDesign_DVDesign */,
			);
		};
/* End PBXProject section */

/* Begin PBXResourcesBuildPhase section */
		3DB71D5045CCD5019CC83C23 /* Resources */ = {
			isa = PBXResourcesBuildPhase;
			buildActionMask = 2147483647;
			files = (
				99D3BD352AAF644D9636DF65 /* Assets.xcassets in Resources */,
				1A5E3E6E8207F7BD2236B3D2 /* progress.lottie in Resources */,
			);
			runOnlyForDeploymentPostprocessing = 0;
		};
		9231044271CE9FB37DDAD380 /* Resources */ = {
			isa = PBXResourcesBuildPhase;
			buildActionMask = 2147483647;
			files = (
				CCD3E4787458CFA56955C321 /* DVDesign_DVDesign.bundle in Resources */,
			);
			runOnlyForDeploymentPostprocessing = 0;
		};
		B9A891640AD96702950D890F /* Resources */ = {
			isa = PBXResourcesBuildPhase;
			buildActionMask = 2147483647;
			files = (
			);
			runOnlyForDeploymentPostprocessing = 0;
		};
/* End PBXResourcesBuildPhase section */

/* Begin PBXSourcesBuildPhase section */
		398A9FACBD81654C217259C8 /* Sources */ = {
			isa = PBXSourcesBuildPhase;
			buildActionMask = 2147483647;
			files = (
				C5860404793AAA28CC3FB6A7 /* ColorPreviewView.swift in Sources */,
				5117BBE8A4F114544FB4BE11 /* ContentView.swift in Sources */,
				0B8740BB4931BA4C093DDD3D /* DVButtonPreviewView.swift in Sources */,
				DFD25D0AFF046CB043602686 /* DVCategoryPreviewView.swift in Sources */,
				CA907101AA5D5152B1018299 /* DVCheckBoxPreviewView.swift in Sources */,
				AF090F0E9900FC87B582AC95 /* DVChipPreviewView.swift in Sources */,
				E76B561DF36EB3D842EB5FFB /* DVChipsFieldPreviewView.swift in Sources */,
				4159027EC6D06A63B765C966 /* DVDesignSampleApp.swift in Sources */,
				B0806F8B6C8CF68D5D3ADF00 /* DVDropdownPreviewView.swift in Sources */,
				A16BA787530785535B8E2399 /* DVLabeledFieldPreviewView.swift in Sources */,
				DEE7C68DC7B6CB4A33876600 /* DVMultilineTextFieldPreviewView.swift in Sources */,
				CED75CE3377EE1AAD57B2BB8 /* DVProjectContainerPreviewView.swift in Sources */,
				A966F11165224B77859FEEF9 /* DVSecretTypePreviewView.swift in Sources */,
				6760EFD869C84716A14EC225 /* DVStepIndicatorPreviewView.swift in Sources */,
				0B04A811487FA227A1C4D432 /* DVTitleBarPreviewView.swift in Sources */,
				982076C059BC2CA1998D6636 /* DVVaultContainerPreviewView.swift in Sources */,
				8C7355C3D5EA180963DA8A6F /* PreviewHelpers.swift in Sources */,
				149A9FCFFB3996CC7FE9A1AC /* RadioButtonPreviewView.swift in Sources */,
				3A09EE774AB71A8535016BBC /* SizePreviewView.swift in Sources */,
				504A1C616966E77B10883C05 /* TextContainerPreviewView.swift in Sources */,
				D898DBF60C6928797437A27E /* TextFieldPreviewView.swift in Sources */,
				B0E2B685192086E90AB8062B /* TypographyPreviewView.swift in Sources */,
			);
			runOnlyForDeploymentPostprocessing = 0;
		};
		E002EFFF3ACD06A1D55A17C8 /* Sources */ = {
			isa = PBXSourcesBuildPhase;
			buildActionMask = 2147483647;
			files = (
				35124C61B5A30128E71E51AB /* TuistAssets+DVDesign.swift in Sources */,
				51E93E5E115AA7A1E65D881C /* TuistBundle+DVDesign.swift in Sources */,
				FA02CAF9E2975DBA608F7F99 /* Assets.xcassets in Sources */,
				8AFDC404E144B96AA3B300ED /* DVButton.swift in Sources */,
				DA7B01065A704F9F9F1F7552 /* DVCategory.swift in Sources */,
				AAA9199AAE7B198DBA17924A /* DVCheckBox.swift in Sources */,
				F5DAAC7A5BC3E37D5F29B742 /* DVChip.swift in Sources */,
				1C0147E10101BC9DA02548CD /* DVChipsContainer.swift in Sources */,
				928AE38F922355AA60F15029 /* DVChipsField.swift in Sources */,
				6D164666A7BA916AAD341317 /* DVDropdown.swift in Sources */,
				C0CCE5B53C91CCA8BAB6B60A /* DVFloatingPanel.swift in Sources */,
				1F79D4F85CE4C1553162DC9A /* DVFlowLayout.swift in Sources */,
				77DA1BDF81341D47E8440C74 /* DVLabeledField.swift in Sources */,
				77A58289D01161E2D07E0F1A /* DVMultiSelectDropdown.swift in Sources */,
				36F84B762B8FAA40F115295F /* DVMultilineTextContainer.swift in Sources */,
				51F1137D6852F1C36D77FBC1 /* DVMultilineTextField.swift in Sources */,
				78A9E83F9D5FEC574E5DF8A5 /* DVProjectContainer.swift in Sources */,
				FC2BBA0EC618CAB21F58E2F8 /* DVProjectRenameContainer.swift in Sources */,
				ADFFAC947F4FECA69FB2B9AA /* DVSecretType.swift in Sources */,
				F548D769405AB74895BCF5FE /* DVStepIndicator.swift in Sources */,
				5AE8860B002B12244050DBF0 /* DVTextContainer.swift in Sources */,
				171ADE14C2EF6FB6FAB72A40 /* DVTextField.swift in Sources */,
				816DCCA39124BAF42D237B1B /* DVTitleBar.swift in Sources */,
				D127100812006ABDFBB7226E /* DVVaultContainer.swift in Sources */,
				6141EA20710D01143F1AD51B /* PlaceholderA.swift in Sources */,
				9AEA5632878981A5F789C8A8 /* DVRadioButton.swift in Sources */,
				F7B4F16E5EE33F0BA77764F4 /* DVRadioButtonGroup.swift in Sources */,
				31066D1B30389CA1EAE7AD9C /* PlaceholderB.swift in Sources */,
				6E366B271250F1444511B529 /* Color+DVColor.swift in Sources */,
				FD52B17BDFD7ABECA48497DD /* Color+Hex.swift in Sources */,
				23BFC2C670C9038CECD60750 /* DVColor.swift in Sources */,
				4C52AE575F927C2A67443A61 /* View+DVColor.swift in Sources */,
				3EF51E22EAA4128D6614BD1E /* DVExpiryEmphasis.swift in Sources */,
				655351DF53567D5DA841ABBC /* DVFont.swift in Sources */,
				3233D09A65244B8730B78740 /* Font+DVFont.swift in Sources */,
				B25E65B6A22884B45B92F937 /* View+DVFont.swift in Sources */,
				D50B6908675167D61BFEA900 /* DVImage.swift in Sources */,
				8C36AD34C1E45C223B5D47D8 /* Image+DVImage.swift in Sources */,
				BB24785739F52539142BB693 /* ServiceLogoCatalog.swift in Sources */,
				CA8EBED0A2FA1835E410CA17 /* DVComponentSize.swift in Sources */,
				52395B50D2ED8E57D8E78809 /* DVComponentWidthPolicy.swift in Sources */,
				4AD5004699A542F9F4B2F1FE /* HoverTooltip.swift in Sources */,
			);
			runOnlyForDeploymentPostprocessing = 0;
		};
		E015216A723B54DEB6F9B5DB /* Sources */ = {
			isa = PBXSourcesBuildPhase;
			buildActionMask = 2147483647;
			files = (
			);
			runOnlyForDeploymentPostprocessing = 0;
		};
/* End PBXSourcesBuildPhase section */

/* Begin PBXTargetDependency section */
		7EDA22F3AE23E724ECEB98FB /* PBXTargetDependency */ = {
			isa = PBXTargetDependency;
			name = DVDesign_DVDesign;
			target = DA6ACE47BBB006EB9D85974B /* DVDesign_DVDesign */;
			targetProxy = 53D9A0EA0BF25B4F341E4570 /* PBXContainerItemProxy */;
		};
		9B454024380663A10A8BBEBD /* PBXTargetDependency */ = {
			isa = PBXTargetDependency;
			name = DVDesign;
			target = B4A696299FF9529ABB1CC05A /* DVDesign */;
			targetProxy = 1B4DD8514D1EE6FA2156DD0D /* PBXContainerItemProxy */;
		};
/* End PBXTargetDependency section */

/* Begin XCBuildConfiguration section */
		0CCDC0B98FA649FEACA31676 /* Release */ = {
			isa = XCBuildConfiguration;
			buildSettings = {
				CODE_SIGNING_ALLOWED = NO;
				CODE_SIGN_IDENTITY = "-";
				GENERATE_MASTER_OBJECT_FILE = NO;
				INFOPLIST_FILE = "Derived/InfoPlists/DVDesign_DVDesign-Info.plist";
				MACOSX_DEPLOYMENT_TARGET = 14.0;
				PACKAGE_RESOURCE_TARGET_KIND = resource;
				PRODUCT_BUNDLE_IDENTIFIER = com.devault.dvdesign.generated.resources;
				PRODUCT_NAME = DVDesign_DVDesign;
				SDKROOT = macosx;
				SKIP_INSTALL = YES;
				SWIFT_COMPILATION_MODE = wholemodule;
				SWIFT_OPTIMIZATION_LEVEL = "-O";
				SWIFT_VERSION = 5;
				VERSIONING_SYSTEM = "";
			};
			name = Release;
		};
		4400E7AB0C93272D962677C5 /* Debug */ = {
			isa = XCBuildConfiguration;
			buildSettings = {
				ASSETCATALOG_COMPILER_APPICON_NAME = AppIcon;
				ASSETCATALOG_COMPILER_GLOBAL_ACCENT_COLOR_NAME = AccentColor;
				CODE_SIGN_IDENTITY = "-";
				COMBINE_HIDPI_IMAGES = YES;
				ENABLE_PREVIEWS = YES;
				INFOPLIST_FILE = "Derived/InfoPlists/DVDesignSampleApp-Info.plist";
				LD_RUNPATH_SEARCH_PATHS = (
					"$(inherited)",
					"@executable_path/../Frameworks",
				);
				MACOSX_DEPLOYMENT_TARGET = 14.0;
				OTHER_LDFLAGS = (
					"$(inherited)",
					"-L$(DT_TOOLCHAIN_DIR)/usr/lib/swift/$(PLATFORM_NAME)",
				);
				PRODUCT_BUNDLE_IDENTIFIER = com.devault.dvdesignsampleapp;
				PRODUCT_NAME = DVDesignSampleApp;
				SDKROOT = macosx;
				SWIFT_ACTIVE_COMPILATION_CONDITIONS = (
					"$(inherited)",
					DEBUG,
				);
				SWIFT_COMPILATION_MODE = singlefile;
				SWIFT_OPTIMIZATION_LEVEL = "-Onone";
				SWIFT_VERSION = 5;
			};
			name = Debug;
		};
		A3427716AFD140A3437672DA /* Debug */ = {
			isa = XCBuildConfiguration;
			buildSettings = {
				ALWAYS_SEARCH_USER_PATHS = NO;
				CLANG_ANALYZER_LOCALIZABILITY_NONLOCALIZED = YES;
				CLANG_ANALYZER_NONNULL = YES;
				CLANG_ANALYZER_NUMBER_OBJECT_CONVERSION = YES_AGGRESSIVE;
				CLANG_CXX_LANGUAGE_STANDARD = "gnu++14";
				CLANG_CXX_LIBRARY = "libc++";
				CLANG_ENABLE_MODULES = YES;
				CLANG_ENABLE_OBJC_ARC = YES;
				CLANG_ENABLE_OBJC_WEAK = YES;
				CLANG_WARN_BLOCK_CAPTURE_AUTORELEASING = YES;
				CLANG_WARN_BOOL_CONVERSION = YES;
				CLANG_WARN_COMMA = YES;
				CLANG_WARN_CONSTANT_CONVERSION = YES;
				CLANG_WARN_DEPRECATED_OBJC_IMPLEMENTATIONS = YES;
				CLANG_WARN_DIRECT_OBJC_ISA_USAGE = YES_ERROR;
				CLANG_WARN_DOCUMENTATION_COMMENTS = YES;
				CLANG_WARN_EMPTY_BODY = YES;
				CLANG_WARN_ENUM_CONVERSION = YES;
				CLANG_WARN_INFINITE_RECURSION = YES;
				CLANG_WARN_INT_CONVERSION = YES;
				CLANG_WARN_NON_LITERAL_NULL_CONVERSION = YES;
				CLANG_WARN_OBJC_IMPLICIT_RETAIN_SELF = YES;
				CLANG_WARN_OBJC_LITERAL_CONVERSION = YES;
				CLANG_WARN_OBJC_ROOT_CLASS = YES_ERROR;
				CLANG_WARN_QUOTED_INCLUDE_IN_FRAMEWORK_HEADER = YES;
				CLANG_WARN_RANGE_LOOP_ANALYSIS = YES;
				CLANG_WARN_STRICT_PROTOTYPES = YES;
				CLANG_WARN_SUSPICIOUS_MOVE = YES;
				CLANG_WARN_UNGUARDED_AVAILABILITY = YES_AGGRESSIVE;
				CLANG_WARN_UNREACHABLE_CODE = YES;
				CLANG_WARN__DUPLICATE_METHOD_MATCH = YES;
				COPY_PHASE_STRIP = NO;
				DEAD_CODE_STRIPPING = YES;
				DEBUG_INFORMATION_FORMAT = dwarf;
				ENABLE_STRICT_OBJC_MSGSEND = YES;
				ENABLE_TESTABILITY = YES;
				GCC_C_LANGUAGE_STANDARD = gnu11;
				GCC_DYNAMIC_NO_PIC = NO;
				GCC_NO_COMMON_BLOCKS = YES;
				GCC_OPTIMIZATION_LEVEL = 0;
				GCC_PREPROCESSOR_DEFINITIONS = (
					"DEBUG=1",
					"$(inherited)",
				);
				GCC_WARN_64_TO_32_BIT_CONVERSION = YES;
				GCC_WARN_ABOUT_RETURN_TYPE = YES_ERROR;
				GCC_WARN_UNDECLARED_SELECTOR = YES;
				GCC_WARN_UNINITIALIZED_AUTOS = YES_AGGRESSIVE;
				GCC_WARN_UNUSED_FUNCTION = YES;
				GCC_WARN_UNUSED_VARIABLE = YES;
				MTL_ENABLE_DEBUG_INFO = YES;
				ONLY_ACTIVE_ARCH = YES;
				PRODUCT_NAME = "$(TARGET_NAME)";
			};
			name = Debug;
		};
		BFD4B4D9525EBF5750A1C3A5 /* Debug */ = {
			isa = XCBuildConfiguration;
			buildSettings = {
				CODE_SIGN_IDENTITY = "";
				COMBINE_HIDPI_IMAGES = YES;
				CURRENT_PROJECT_VERSION = 1;
				DEFINES_MODULE = YES;
				DYLIB_COMPATIBILITY_VERSION = 1;
				DYLIB_CURRENT_VERSION = 1;
				DYLIB_INSTALL_NAME_BASE = "@rpath";
				FRAMEWORK_VERSION = A;
				INFOPLIST_FILE = "Derived/InfoPlists/DVDesign-Info.plist";
				INSTALL_PATH = "$(LOCAL_LIBRARY_DIR)/Frameworks";
				LD_RUNPATH_SEARCH_PATHS = (
					"$(inherited)",
					"@executable_path/../Frameworks",
					"@loader_path/../Frameworks",
				);
				MACH_O_TYPE = staticlib;
				MACOSX_DEPLOYMENT_TARGET = 14.0;
				PACKAGE_RESOURCE_BUNDLE_NAME = DVDesign_DVDesign;
				PACKAGE_RESOURCE_TARGET_KIND = regular;
				PRODUCT_BUNDLE_IDENTIFIER = com.devault.dvdesign;
				PRODUCT_NAME = DVDesign;
				SDKROOT = macosx;
				SKIP_INSTALL = YES;
				SWIFT_ACTIVE_COMPILATION_CONDITIONS = (
					"$(inherited)",
					DEBUG,
				);
				SWIFT_COMPILATION_MODE = singlefile;
				SWIFT_OPTIMIZATION_LEVEL = "-Onone";
				SWIFT_VERSION = 5;
				VERSIONING_SYSTEM = "apple-generic";
				VERSION_INFO_PREFIX = "";
			};
			name = Debug;
		};
		C65151A461966A299AD18C55 /* Release */ = {
			isa = XCBuildConfiguration;
			buildSettings = {
				ASSETCATALOG_COMPILER_APPICON_NAME = AppIcon;
				ASSETCATALOG_COMPILER_GLOBAL_ACCENT_COLOR_NAME = AccentColor;
				CODE_SIGN_IDENTITY = "-";
				COMBINE_HIDPI_IMAGES = YES;
				ENABLE_PREVIEWS = YES;
				INFOPLIST_FILE = "Derived/InfoPlists/DVDesignSampleApp-Info.plist";
				LD_RUNPATH_SEARCH_PATHS = (
					"$(inherited)",
					"@executable_path/../Frameworks",
				);
				MACOSX_DEPLOYMENT_TARGET = 14.0;
				OTHER_LDFLAGS = (
					"$(inherited)",
					"-L$(DT_TOOLCHAIN_DIR)/usr/lib/swift/$(PLATFORM_NAME)",
				);
				PRODUCT_BUNDLE_IDENTIFIER = com.devault.dvdesignsampleapp;
				PRODUCT_NAME = DVDesignSampleApp;
				SDKROOT = macosx;
				SWIFT_COMPILATION_MODE = wholemodule;
				SWIFT_OPTIMIZATION_LEVEL = "-O";
				SWIFT_VERSION = 5;
			};
			name = Release;
		};
		E1FCA76EF82A54A8C6EF0E69 /* Release */ = {
			isa = XCBuildConfiguration;
			buildSettings = {
				CODE_SIGN_IDENTITY = "";
				COMBINE_HIDPI_IMAGES = YES;
				CURRENT_PROJECT_VERSION = 1;
				DEFINES_MODULE = YES;
				DYLIB_COMPATIBILITY_VERSION = 1;
				DYLIB_CURRENT_VERSION = 1;
				DYLIB_INSTALL_NAME_BASE = "@rpath";
				FRAMEWORK_VERSION = A;
				INFOPLIST_FILE = "Derived/InfoPlists/DVDesign-Info.plist";
				INSTALL_PATH = "$(LOCAL_LIBRARY_DIR)/Frameworks";
				LD_RUNPATH_SEARCH_PATHS = (
					"$(inherited)",
					"@executable_path/../Frameworks",
					"@loader_path/../Frameworks",
				);
				MACH_O_TYPE = staticlib;
				MACOSX_DEPLOYMENT_TARGET = 14.0;
				PACKAGE_RESOURCE_BUNDLE_NAME = DVDesign_DVDesign;
				PACKAGE_RESOURCE_TARGET_KIND = regular;
				PRODUCT_BUNDLE_IDENTIFIER = com.devault.dvdesign;
				PRODUCT_NAME = DVDesign;
				SDKROOT = macosx;
				SKIP_INSTALL = YES;
				SWIFT_COMPILATION_MODE = wholemodule;
				SWIFT_OPTIMIZATION_LEVEL = "-O";
				SWIFT_VERSION = 5;
				VERSIONING_SYSTEM = "apple-generic";
				VERSION_INFO_PREFIX = "";
			};
			name = Release;
		};
		E29A56C79D85034A40F37139 /* Debug */ = {
			isa = XCBuildConfiguration;
			buildSettings = {
				CODE_SIGNING_ALLOWED = NO;
				CODE_SIGN_IDENTITY = "-";
				GENERATE_MASTER_OBJECT_FILE = NO;
				INFOPLIST_FILE = "Derived/InfoPlists/DVDesign_DVDesign-Info.plist";
				MACOSX_DEPLOYMENT_TARGET = 14.0;
				PACKAGE_RESOURCE_TARGET_KIND = resource;
				PRODUCT_BUNDLE_IDENTIFIER = com.devault.dvdesign.generated.resources;
				PRODUCT_NAME = DVDesign_DVDesign;
				SDKROOT = macosx;
				SKIP_INSTALL = YES;
				SWIFT_ACTIVE_COMPILATION_CONDITIONS = (
					"$(inherited)",
					DEBUG,
				);
				SWIFT_COMPILATION_MODE = singlefile;
				SWIFT_OPTIMIZATION_LEVEL = "-Onone";
				SWIFT_VERSION = 5;
				VERSIONING_SYSTEM = "";
			};
			name = Debug;
		};
		EE5713F3960F152336646869 /* Release */ = {
			isa = XCBuildConfiguration;
			buildSettings = {
				ALWAYS_SEARCH_USER_PATHS = NO;
				CLANG_ANALYZER_LOCALIZABILITY_NONLOCALIZED = YES;
				CLANG_ANALYZER_NONNULL = YES;
				CLANG_ANALYZER_NUMBER_OBJECT_CONVERSION = YES_AGGRESSIVE;
				CLANG_CXX_LANGUAGE_STANDARD = "gnu++14";
				CLANG_CXX_LIBRARY = "libc++";
				CLANG_ENABLE_MODULES = YES;
				CLANG_ENABLE_OBJC_ARC = YES;
				CLANG_ENABLE_OBJC_WEAK = YES;
				CLANG_WARN_BLOCK_CAPTURE_AUTORELEASING = YES;
				CLANG_WARN_BOOL_CONVERSION = YES;
				CLANG_WARN_COMMA = YES;
				CLANG_WARN_CONSTANT_CONVERSION = YES;
				CLANG_WARN_DEPRECATED_OBJC_IMPLEMENTATIONS = YES;
				CLANG_WARN_DIRECT_OBJC_ISA_USAGE = YES_ERROR;
				CLANG_WARN_DOCUMENTATION_COMMENTS = YES;
				CLANG_WARN_EMPTY_BODY = YES;
				CLANG_WARN_ENUM_CONVERSION = YES;
				CLANG_WARN_INFINITE_RECURSION = YES;
				CLANG_WARN_INT_CONVERSION = YES;
				CLANG_WARN_NON_LITERAL_NULL_CONVERSION = YES;
				CLANG_WARN_OBJC_IMPLICIT_RETAIN_SELF = YES;
				CLANG_WARN_OBJC_LITERAL_CONVERSION = YES;
				CLANG_WARN_OBJC_ROOT_CLASS = YES_ERROR;
				CLANG_WARN_QUOTED_INCLUDE_IN_FRAMEWORK_HEADER = YES;
				CLANG_WARN_RANGE_LOOP_ANALYSIS = YES;
				CLANG_WARN_STRICT_PROTOTYPES = YES;
				CLANG_WARN_SUSPICIOUS_MOVE = YES;
				CLANG_WARN_UNGUARDED_AVAILABILITY = YES_AGGRESSIVE;
				CLANG_WARN_UNREACHABLE_CODE = YES;
				CLANG_WARN__DUPLICATE_METHOD_MATCH = YES;
				COPY_PHASE_STRIP = NO;
				DEAD_CODE_STRIPPING = YES;
				DEBUG_INFORMATION_FORMAT = "dwarf-with-dsym";
				ENABLE_NS_ASSERTIONS = NO;
				ENABLE_STRICT_OBJC_MSGSEND = YES;
				GCC_C_LANGUAGE_STANDARD = gnu11;
				GCC_NO_COMMON_BLOCKS = YES;
				GCC_WARN_64_TO_32_BIT_CONVERSION = YES;
				GCC_WARN_ABOUT_RETURN_TYPE = YES_ERROR;
				GCC_WARN_UNDECLARED_SELECTOR = YES;
				GCC_WARN_UNINITIALIZED_AUTOS = YES_AGGRESSIVE;
				GCC_WARN_UNUSED_FUNCTION = YES;
				GCC_WARN_UNUSED_VARIABLE = YES;
				MTL_ENABLE_DEBUG_INFO = NO;
				PRODUCT_NAME = "$(TARGET_NAME)";
				VALIDATE_PRODUCT = YES;
			};
			name = Release;
		};
/* End XCBuildConfiguration section */

/* Begin XCConfigurationList section */
		3622373A9CDF8A880083DBA0 /* Build configuration list for PBXProject "DVDesign" */ = {
			isa = XCConfigurationList;
			buildConfigurations = (
				A3427716AFD140A3437672DA /* Debug */,
				EE5713F3960F152336646869 /* Release */,
			);
			defaultConfigurationIsVisible = 0;
			defaultConfigurationName = Release;
		};
		E023479A7ED1C6CF024981F1 /* Build configuration list for PBXNativeTarget "DVDesign" */ = {
			isa = XCConfigurationList;
			buildConfigurations = (
				BFD4B4D9525EBF5750A1C3A5 /* Debug */,
				E1FCA76EF82A54A8C6EF0E69 /* Release */,
			);
			defaultConfigurationIsVisible = 0;
			defaultConfigurationName = Release;
		};
		E06410E1E8981557423A3648 /* Build configuration list for PBXNativeTarget "DVDesignSampleApp" */ = {
			isa = XCConfigurationList;
			buildConfigurations = (
				4400E7AB0C93272D962677C5 /* Debug */,
				C65151A461966A299AD18C55 /* Release */,
			);
			defaultConfigurationIsVisible = 0;
			defaultConfigurationName = Release;
		};
		F585272C605CADABFBB117B9 /* Build configuration list for PBXNativeTarget "DVDesign_DVDesign" */ = {
			isa = XCConfigurationList;
			buildConfigurations = (
				E29A56C79D85034A40F37139 /* Debug */,
				0CCDC0B98FA649FEACA31676 /* Release */,
			);
			defaultConfigurationIsVisible = 0;
			defaultConfigurationName = Release;
		};
/* End XCConfigurationList section */
	};
	rootObject = 4BAF81A62A96256FC9A2314D /* Project object */;
}
