// !$*UTF8*$!
{
	archiveVersion = 1;
	classes = {
	};
	objectVersion = 55;
	objects = {

/* Begin PBXBuildFile section */
		02B9498D5E9015CC5823AE8F /* AppInactivityMonitorServiceImpl.swift in Sources */ = {isa = PBXBuildFile; fileRef = AC927A37F8A06283C0A4CF39 /* AppInactivityMonitorServiceImpl.swift */; };
		092E58318361CD76E193A19C /* SecretAuditLog.swift in Sources */ = {isa = PBXBuildFile; fileRef = E0FBA98996943BB9D2F7859D /* SecretAuditLog.swift */; };
		3823097BB0A256399F85277D /* DataResetRepositoryImpl.swift in Sources */ = {isa = PBXBuildFile; fileRef = 50BAD80672F3B9380A4F5A28 /* DataResetRepositoryImpl.swift */; };
		3CC71C8638BD03F74F3A9F91 /* DVDomain.framework in Dependencies */ = {isa = PBXBuildFile; fileRef = B0101D9A143A495FD7891E63 /* DVDomain.framework */; };
		3DDBA6DB756CCBB092C25A28 /* SecretRepositoryImpl.swift in Sources */ = {isa = PBXBuildFile; fileRef = BD9883F7A36790CF6A6D8621 /* SecretRepositoryImpl.swift */; };
		597B5FCC5678FB9763FE19D4 /* AppSchema.swift in Sources */ = {isa = PBXBuildFile; fileRef = C0DE4F169DF837D1D6DC6421 /* AppSchema.swift */; };
		59C7FC7F1D8A0D2527F9D30E /* ClipboardServiceImpl.swift in Sources */ = {isa = PBXBuildFile; fileRef = 7E4CDF50822C6E8CBE6108D1 /* ClipboardServiceImpl.swift */; };
		5AAA4BAC909123F855B45583 /* AppAuditLog.swift in Sources */ = {isa = PBXBuildFile; fileRef = CE0022C8E60EFF80E68B6686 /* AppAuditLog.swift */; };
		5E2579D6720A770B5F3CAD47 /* UbiquitousStoreKey.swift in Sources */ = {isa = PBXBuildFile; fileRef = 4D4E22AB149FF803D0846A8A /* UbiquitousStoreKey.swift */; };
		5FEB347E6D1839DD63F0DEEF /* LaunchAtLoginServiceImpl.swift in Sources */ = {isa = PBXBuildFile; fileRef = 452D70D56E7BC505E5A2CEC9 /* LaunchAtLoginServiceImpl.swift */; };
		753F8030E2EAD77114AE0B24 /* SecretProjectLink.swift in Sources */ = {isa = PBXBuildFile; fileRef = 357B97C1A1DDE946B2815CE4 /* SecretProjectLink.swift */; };
		7B6A73A9A115A822930A2AE3 /* DVCore.framework in Frameworks */ = {isa = PBXBuildFile; fileRef = F131AF84A25C30A66C0F2B51 /* DVCore.framework */; };
		81C239A12265006ADF1FB7B6 /* Secret.swift in Sources */ = {isa = PBXBuildFile; fileRef = C6BC8C96FC9EC48C49399594 /* Secret.swift */; };
		841211C9E52FB0B1349D07CB /* LocalStorage.swift in Sources */ = {isa = PBXBuildFile; fileRef = 10986A769992C404371366D8 /* LocalStorage.swift */; };
		847D9A820A3212AC83543DFC /* SecretMetadataJSONCoder.swift in Sources */ = {isa = PBXBuildFile; fileRef = 95E0CCDF0311C4F208414753 /* SecretMetadataJSONCoder.swift */; };
		8FDC798CEE3D428EFB4C34D1 /* SecretPayload.swift in Sources */ = {isa = PBXBuildFile; fileRef = 53A3DE59E04E0DA99DCB839B /* SecretPayload.swift */; };
		91EBBBE7B7D0C9DB51E571C9 /* SettingsRepositoryImpl.swift in Sources */ = {isa = PBXBuildFile; fileRef = 97572404C00400C70F23DC7F /* SettingsRepositoryImpl.swift */; };
		9C9D432068BF155A0AED7C3A /* SecretFetchDescriptorBuilder.swift in Sources */ = {isa = PBXBuildFile; fileRef = C7F6802C648633BD97715E77 /* SecretFetchDescriptorBuilder.swift */; };
		A01B65FA60FC2782DA1411F9 /* SecurityNotificationServiceImpl.swift in Sources */ = {isa = PBXBuildFile; fileRef = 180F8C30929E4447383E2E90 /* SecurityNotificationServiceImpl.swift */; };
		A8D0A00AEE4B917F6CA92468 /* SecretMetadata.swift in Sources */ = {isa = PBXBuildFile; fileRef = B9B6A4B403FA689763295A1C /* SecretMetadata.swift */; };
		B1F51A2E08FF604E823BC2E2 /* DVCore.framework in Dependencies */ = {isa = PBXBuildFile; fileRef = F131AF84A25C30A66C0F2B51 /* DVCore.framework */; };
		BADC8973548C4DF4C11FD94B /* BackupRecord.swift in Sources */ = {isa = PBXBuildFile; fileRef = 7A55A3CC6AAF8182B5DB2F51 /* BackupRecord.swift */; };
		BCC6CDEE427B64A2554140DD /* DataResetRepositoryImplTests.swift in Sources */ = {isa = PBXBuildFile; fileRef = 51DC178A6C8B93E132F1AE2A /* DataResetRepositoryImplTests.swift */; };
		C278239883CE088C4690028B /* SecretCryptoServiceImpl.swift in Sources */ = {isa = PBXBuildFile; fileRef = 10EB0E79DE8DB7F647045D58 /* SecretCryptoServiceImpl.swift */; };
		C3F925D5AB3C277851976BBD /* DVDomain.framework in Frameworks */ = {isa = PBXBuildFile; fileRef = B0101D9A143A495FD7891E63 /* DVDomain.framework */; };
		C7B1A9728F0F99888744C8D6 /* SecretFetchDescriptorBuilderTests.swift in Sources */ = {isa = PBXBuildFile; fileRef = 12B0EF42BE80318A761F0F33 /* SecretFetchDescriptorBuilderTests.swift */; };
		C929FB8D18890918744BB1AE /* InMemorySecretQueryFilter.swift in Sources */ = {isa = PBXBuildFile; fileRef = 9D42F475AAA01B96438C4340 /* InMemorySecretQueryFilter.swift */; };
		C93A526274CC18116BEF50F3 /* DVData.framework in Frameworks */ = {isa = PBXBuildFile; fileRef = 42A262BD9CAEC4C7D2172E42 /* DVData.framework */; };
		CA13587811BA111A1646FCA1 /* SecretSortingTests.swift in Sources */ = {isa = PBXBuildFile; fileRef = A39F605B9169FA4C93C0E0E6 /* SecretSortingTests.swift */; };
		CC593BCB9A1746502D9C430D /* SecretPayloadJSONCoder.swift in Sources */ = {isa = PBXBuildFile; fileRef = 72BEAD1863CCD06240432CBA /* SecretPayloadJSONCoder.swift */; };
		CCB1261C395537507DE9E71C /* ICloudServiceImpl.swift in Sources */ = {isa = PBXBuildFile; fileRef = 61044B140E612A1570048E27 /* ICloudServiceImpl.swift */; };
		D199DC62EFADEF0956FA810E /* LocalUserAuthenticationServiceImpl.swift in Sources */ = {isa = PBXBuildFile; fileRef = D254225A50C106C5E3268E74 /* LocalUserAuthenticationServiceImpl.swift */; };
		DE8324BED30692B3B83520BD /* UserDefaultsKey.swift in Sources */ = {isa = PBXBuildFile; fileRef = E7EFF755C7C7608A5C457D2B /* UserDefaultsKey.swift */; };
		DF8810EBC5683DE76FCF0911 /* ProjectRepositoryImpl.swift in Sources */ = {isa = PBXBuildFile; fileRef = E8B14EE5117D498E2246DFA7 /* ProjectRepositoryImpl.swift */; };
		E59DC9AFD4B88A141062DBC0 /* KeychainKeyStore.swift in Sources */ = {isa = PBXBuildFile; fileRef = 255BBCA5E293DEC0D2D491CD /* KeychainKeyStore.swift */; };
		F4B1FD2D25E49FDEF72EAE8E /* Project.swift in Sources */ = {isa = PBXBuildFile; fileRef = E6C49244AF6EC11B9463DA05 /* Project.swift */; };
/* End PBXBuildFile section */

/* Begin PBXContainerItemProxy section */
		73A4C4716DFF4E4401479759 /* PBXContainerItemProxy */ = {
			isa = PBXContainerItemProxy;
			containerPortal = 7A6CCE4FE2427596E175F8E2 /* Project object */;
			proxyType = 1;
			remoteGlobalIDString = 6068FEFC00B293AF5C88E9A8;
			remoteInfo = DVData;
		};
/* End PBXContainerItemProxy section */

/* Begin PBXCopyFilesBuildPhase section */
		269034DBF0AF3475ABDC6652 /* Embed Frameworks */ = {
			isa = PBXCopyFilesBuildPhase;
			buildActionMask = 2147483647;
			dstPath = "";
			dstSubfolderSpec = 10;
			files = (
			);
			name = "Embed Frameworks";
			runOnlyForDeploymentPostprocessing = 0;
		};
		5B23B86E5E66124B1FF6C1B6 /* Dependencies */ = {
			isa = PBXCopyFilesBuildPhase;
			buildActionMask = 8;
			dstSubfolderSpec = 16;
			files = (
				B1F51A2E08FF604E823BC2E2 /* DVCore.framework in Dependencies */,
				3CC71C8638BD03F74F3A9F91 /* DVDomain.framework in Dependencies */,
			);
			name = Dependencies;
			runOnlyForDeploymentPostprocessing = 1;
		};
		7EDFBC4E860555BE1762F227 /* Embed Frameworks */ = {
			isa = PBXCopyFilesBuildPhase;
			buildActionMask = 2147483647;
			dstPath = "";
			dstSubfolderSpec = 10;
			files = (
			);
			name = "Embed Frameworks";
			runOnlyForDeploymentPostprocessing = 0;
		};
/* End PBXCopyFilesBuildPhase section */

/* Begin PBXFileReference section */
		10986A769992C404371366D8 /* LocalStorage.swift */ = {isa = PBXFileReference; lastKnownFileType = sourcecode.swift; path = LocalStorage.swift; sourceTree = "<group>"; };
		10EB0E79DE8DB7F647045D58 /* SecretCryptoServiceImpl.swift */ = {isa = PBXFileReference; lastKnownFileType = sourcecode.swift; path = SecretCryptoServiceImpl.swift; sourceTree = "<group>"; };
		12B0EF42BE80318A761F0F33 /* SecretFetchDescriptorBuilderTests.swift */ = {isa = PBXFileReference; lastKnownFileType = sourcecode.swift; path = SecretFetchDescriptorBuilderTests.swift; sourceTree = "<group>"; };
		180F8C30929E4447383E2E90 /* SecurityNotificationServiceImpl.swift */ = {isa = PBXFileReference; lastKnownFileType = sourcecode.swift; path = SecurityNotificationServiceImpl.swift; sourceTree = "<group>"; };
		255BBCA5E293DEC0D2D491CD /* KeychainKeyStore.swift */ = {isa = PBXFileReference; lastKnownFileType = sourcecode.swift; path = KeychainKeyStore.swift; sourceTree = "<group>"; };
		357B97C1A1DDE946B2815CE4 /* SecretProjectLink.swift */ = {isa = PBXFileReference; lastKnownFileType = sourcecode.swift; path = SecretProjectLink.swift; sourceTree = "<group>"; };
		42A262BD9CAEC4C7D2172E42 /* DVData.framework */ = {isa = PBXFileReference; explicitFileType = wrapper.framework; includeInIndex = 0; path = DVData.framework; sourceTree = BUILT_PRODUCTS_DIR; };
		452D70D56E7BC505E5A2CEC9 /* LaunchAtLoginServiceImpl.swift */ = {isa = PBXFileReference; lastKnownFileType = sourcecode.swift; path = LaunchAtLoginServiceImpl.swift; sourceTree = "<group>"; };
		4D4E22AB149FF803D0846A8A /* UbiquitousStoreKey.swift */ = {isa = PBXFileReference; lastKnownFileType = sourcecode.swift; path = UbiquitousStoreKey.swift; sourceTree = "<group>"; };
		50BAD80672F3B9380A4F5A28 /* DataResetRepositoryImpl.swift */ = {isa = PBXFileReference; lastKnownFileType = sourcecode.swift; path = DataResetRepositoryImpl.swift; sourceTree = "<group>"; };
		51DC178A6C8B93E132F1AE2A /* DataResetRepositoryImplTests.swift */ = {isa = PBXFileReference; lastKnownFileType = sourcecode.swift; path = DataResetRepositoryImplTests.swift; sourceTree = "<group>"; };
		53A3DE59E04E0DA99DCB839B /* SecretPayload.swift */ = {isa = PBXFileReference; lastKnownFileType = sourcecode.swift; path = SecretPayload.swift; sourceTree = "<group>"; };
		61044B140E612A1570048E27 /* ICloudServiceImpl.swift */ = {isa = PBXFileReference; lastKnownFileType = sourcecode.swift; path = ICloudServiceImpl.swift; sourceTree = "<group>"; };
		638E1A6F7C452383A87A32B4 /* DVDataTests.xctest */ = {isa = PBXFileReference; explicitFileType = wrapper.cfbundle; includeInIndex = 0; path = DVDataTests.xctest; sourceTree = BUILT_PRODUCTS_DIR; };
		72BEAD1863CCD06240432CBA /* SecretPayloadJSONCoder.swift */ = {isa = PBXFileReference; lastKnownFileType = sourcecode.swift; path = SecretPayloadJSONCoder.swift; sourceTree = "<group>"; };
		7A55A3CC6AAF8182B5DB2F51 /* BackupRecord.swift */ = {isa = PBXFileReference; lastKnownFileType = sourcecode.swift; path = BackupRecord.swift; sourceTree = "<group>"; };
		7E4CDF50822C6E8CBE6108D1 /* ClipboardServiceImpl.swift */ = {isa = PBXFileReference; lastKnownFileType = sourcecode.swift; path = ClipboardServiceImpl.swift; sourceTree = "<group>"; };
		95E0CCDF0311C4F208414753 /* SecretMetadataJSONCoder.swift */ = {isa = PBXFileReference; lastKnownFileType = sourcecode.swift; path = SecretMetadataJSONCoder.swift; sourceTree = "<group>"; };
		97572404C00400C70F23DC7F /* SettingsRepositoryImpl.swift */ = {isa = PBXFileReference; lastKnownFileType = sourcecode.swift; path = SettingsRepositoryImpl.swift; sourceTree = "<group>"; };
		9D42F475AAA01B96438C4340 /* InMemorySecretQueryFilter.swift */ = {isa = PBXFileReference; lastKnownFileType = sourcecode.swift; path = InMemorySecretQueryFilter.swift; sourceTree = "<group>"; };
		A39F605B9169FA4C93C0E0E6 /* SecretSortingTests.swift */ = {isa = PBXFileReference; lastKnownFileType = sourcecode.swift; path = SecretSortingTests.swift; sourceTree = "<group>"; };
		A7943A0FC3CD681A20526043 /* DVData-Info.plist */ = {isa = PBXFileReference; lastKnownFileType = text.plist; path = "DVData-Info.plist"; sourceTree = "<group>"; };
		AC927A37F8A06283C0A4CF39 /* AppInactivityMonitorServiceImpl.swift */ = {isa = PBXFileReference; lastKnownFileType = sourcecode.swift; path = AppInactivityMonitorServiceImpl.swift; sourceTree = "<group>"; };
		B0101D9A143A495FD7891E63 /* DVDomain.framework */ = {isa = PBXFileReference; explicitFileType = wrapper.framework; includeInIndex = 0; path = DVDomain.framework; sourceTree = BUILT_PRODUCTS_DIR; };
		B9B6A4B403FA689763295A1C /* SecretMetadata.swift */ = {isa = PBXFileReference; lastKnownFileType = sourcecode.swift; path = SecretMetadata.swift; sourceTree = "<group>"; };
		BD9883F7A36790CF6A6D8621 /* SecretRepositoryImpl.swift */ = {isa = PBXFileReference; lastKnownFileType = sourcecode.swift; path = SecretRepositoryImpl.swift; sourceTree = "<group>"; };
		C0DE4F169DF837D1D6DC6421 /* AppSchema.swift */ = {isa = PBXFileReference; lastKnownFileType = sourcecode.swift; path = AppSchema.swift; sourceTree = "<group>"; };
		C6BC8C96FC9EC48C49399594 /* Secret.swift */ = {isa = PBXFileReference; lastKnownFileType = sourcecode.swift; path = Secret.swift; sourceTree = "<group>"; };
		C7F6802C648633BD97715E77 /* SecretFetchDescriptorBuilder.swift */ = {isa = PBXFileReference; lastKnownFileType = sourcecode.swift; path = SecretFetchDescriptorBuilder.swift; sourceTree = "<group>"; };
		CE0022C8E60EFF80E68B6686 /* AppAuditLog.swift */ = {isa = PBXFileReference; lastKnownFileType = sourcecode.swift; path = AppAuditLog.swift; sourceTree = "<group>"; };
		D254225A50C106C5E3268E74 /* LocalUserAuthenticationServiceImpl.swift */ = {isa = PBXFileReference; lastKnownFileType = sourcecode.swift; path = LocalUserAuthenticationServiceImpl.swift; sourceTree = "<group>"; };
		E0FBA98996943BB9D2F7859D /* SecretAuditLog.swift */ = {isa = PBXFileReference; lastKnownFileType = sourcecode.swift; path = SecretAuditLog.swift; sourceTree = "<group>"; };
		E6C49244AF6EC11B9463DA05 /* Project.swift */ = {isa = PBXFileReference; lastKnownFileType = sourcecode.swift; path = Project.swift; sourceTree = "<group>"; };
		E7EFF755C7C7608A5C457D2B /* UserDefaultsKey.swift */ = {isa = PBXFileReference; lastKnownFileType = sourcecode.swift; path = UserDefaultsKey.swift; sourceTree = "<group>"; };
		E8B14EE5117D498E2246DFA7 /* ProjectRepositoryImpl.swift */ = {isa = PBXFileReference; lastKnownFileType = sourcecode.swift; path = ProjectRepositoryImpl.swift; sourceTree = "<group>"; };
		F131AF84A25C30A66C0F2B51 /* DVCore.framework */ = {isa = PBXFileReference; explicitFileType = wrapper.framework; includeInIndex = 0; path = DVCore.framework; sourceTree = BUILT_PRODUCTS_DIR; };
		F516FCE5088FE589CCBE0886 /* DVDataTests-Info.plist */ = {isa = PBXFileReference; lastKnownFileType = text.plist; path = "DVDataTests-Info.plist"; sourceTree = "<group>"; };
/* End PBXFileReference section */

/* Begin PBXFrameworksBuildPhase section */
		B233A382884134F0E2D03A26 /* Frameworks */ = {
			isa = PBXFrameworksBuildPhase;
			buildActionMask = 2147483647;
			files = (
			);
			runOnlyForDeploymentPostprocessing = 0;
		};
		CB7FF86401E3AF06B82EE67D /* Frameworks */ = {
			isa = PBXFrameworksBuildPhase;
			buildActionMask = 2147483647;
			files = (
				7B6A73A9A115A822930A2AE3 /* DVCore.framework in Frameworks */,
				C93A526274CC18116BEF50F3 /* DVData.framework in Frameworks */,
				C3F925D5AB3C277851976BBD /* DVDomain.framework in Frameworks */,
			);
			runOnlyForDeploymentPostprocessing = 0;
		};
/* End PBXFrameworksBuildPhase section */

/* Begin PBXGroup section */
		00D992A29F5567A1D3C2DB5F /* DataReset */ = {
			isa = PBXGroup;
			children = (
				50BAD80672F3B9380A4F5A28 /* DataResetRepositoryImpl.swift */,
			);
			path = DataReset;
			sourceTree = "<group>";
		};
		179E7503579F4DE516B931AC /* Settings */ = {
			isa = PBXGroup;
			children = (
				97572404C00400C70F23DC7F /* SettingsRepositoryImpl.swift */,
				4D4E22AB149FF803D0846A8A /* UbiquitousStoreKey.swift */,
				E7EFF755C7C7608A5C457D2B /* UserDefaultsKey.swift */,
			);
			path = Settings;
			sourceTree = "<group>";
		};
		2931EA6B901340AD798FD199 /* Clipboard */ = {
			isa = PBXGroup;
			children = (
				7E4CDF50822C6E8CBE6108D1 /* ClipboardServiceImpl.swift */,
			);
			path = Clipboard;
			sourceTree = "<group>";
		};
		2BD53162E434575D4AF2800E /* Keychain */ = {
			isa = PBXGroup;
			children = (
				255BBCA5E293DEC0D2D491CD /* KeychainKeyStore.swift */,
			);
			path = Keychain;
			sourceTree = "<group>";
		};
		2EAADDE4DDE07ED282CDDB95 /* App */ = {
			isa = PBXGroup;
			children = (
				AC927A37F8A06283C0A4CF39 /* AppInactivityMonitorServiceImpl.swift */,
			);
			path = App;
			sourceTree = "<group>";
		};
		3449E37E8F62F8FF7C2568DA /* Settings */ = {
			isa = PBXGroup;
			children = (
				452D70D56E7BC505E5A2CEC9 /* LaunchAtLoginServiceImpl.swift */,
			);
			path = Settings;
			sourceTree = "<group>";
		};
		386B7154973ACF93CD74E51D /* Security */ = {
			isa = PBXGroup;
			children = (
				EE610097F81DA8AD320086FE /* JSONCoder */,
				2BD53162E434575D4AF2800E /* Keychain */,
				10EB0E79DE8DB7F647045D58 /* SecretCryptoServiceImpl.swift */,
			);
			path = Security;
			sourceTree = "<group>";
		};
		4292F325535EB5B568853204 /* Authentication */ = {
			isa = PBXGroup;
			children = (
				D254225A50C106C5E3268E74 /* LocalUserAuthenticationServiceImpl.swift */,
			);
			path = Authentication;
			sourceTree = "<group>";
		};
		4FA866AFA66DCE4746421353 /* Tests */ = {
			isa = PBXGroup;
			children = (
				CD17652F89EB21E0F74A413D /* RepositoryImpl */,
			);
			path = Tests;
			sourceTree = "<group>";
		};
		5281162BC44034F01FBE8315 /* Secret */ = {
			isa = PBXGroup;
			children = (
				9D42F475AAA01B96438C4340 /* InMemorySecretQueryFilter.swift */,
				C7F6802C648633BD97715E77 /* SecretFetchDescriptorBuilder.swift */,
				BD9883F7A36790CF6A6D8621 /* SecretRepositoryImpl.swift */,
			);
			path = Secret;
			sourceTree = "<group>";
		};
		77335088063D6A94AADC0ACC /* Sources */ = {
			isa = PBXGroup;
			children = (
				E25321AC5711BCC1A07E82F9 /* RepositoryImpl */,
				AFD19339111F3B6E05158027 /* ServiceImpl */,
				DF1BA9937BBB23A07CF7110D /* Storage */,
			);
			path = Sources;
			sourceTree = "<group>";
		};
		78090BB1716FE6FBAEA456A7 /* Local */ = {
			isa = PBXGroup;
			children = (
				F3C5384C3C6F35427279568E /* Models */,
				10986A769992C404371366D8 /* LocalStorage.swift */,
			);
			path = Local;
			sourceTree = "<group>";
		};
		97DC98F28F1AED0D18D9F547 /* ICloudSync */ = {
			isa = PBXGroup;
			children = (
				61044B140E612A1570048E27 /* ICloudServiceImpl.swift */,
			);
			path = ICloudSync;
			sourceTree = "<group>";
		};
		AD3F3845D75AEE57B0680630 /* Project */ = {
			isa = PBXGroup;
			children = (
				E8B14EE5117D498E2246DFA7 /* ProjectRepositoryImpl.swift */,
			);
			path = Project;
			sourceTree = "<group>";
		};
		AFD19339111F3B6E05158027 /* ServiceImpl */ = {
			isa = PBXGroup;
			children = (
				2EAADDE4DDE07ED282CDDB95 /* App */,
				4292F325535EB5B568853204 /* Authentication */,
				2931EA6B901340AD798FD199 /* Clipboard */,
				97DC98F28F1AED0D18D9F547 /* ICloudSync */,
				D96476482FAC25BF22F7EB3D /* Notification */,
				386B7154973ACF93CD74E51D /* Security */,
				3449E37E8F62F8FF7C2568DA /* Settings */,
			);
			path = ServiceImpl;
			sourceTree = "<group>";
		};
		C28620D286E43FECBB04A9FA /* Products */ = {
			isa = PBXGroup;
			children = (
				F131AF84A25C30A66C0F2B51 /* DVCore.framework */,
				42A262BD9CAEC4C7D2172E42 /* DVData.framework */,
				638E1A6F7C452383A87A32B4 /* DVDataTests.xctest */,
				B0101D9A143A495FD7891E63 /* DVDomain.framework */,
			);
			name = Products;
			sourceTree = "<group>";
		};
		C36CA9A28A377FACD8C5BD36 /* InfoPlists */ = {
			isa = PBXGroup;
			children = (
				A7943A0FC3CD681A20526043 /* DVData-Info.plist */,
				F516FCE5088FE589CCBE0886 /* DVDataTests-Info.plist */,
			);
			path = InfoPlists;
			sourceTree = "<group>";
		};
		CD17652F89EB21E0F74A413D /* RepositoryImpl */ = {
			isa = PBXGroup;
			children = (
				EA07C3C9142A089AE554488C /* DataReset */,
				D58F3F90060FC2237E8EFCD3 /* Secret */,
			);
			path = RepositoryImpl;
			sourceTree = "<group>";
		};
		D58F3F90060FC2237E8EFCD3 /* Secret */ = {
			isa = PBXGroup;
			children = (
				12B0EF42BE80318A761F0F33 /* SecretFetchDescriptorBuilderTests.swift */,
				A39F605B9169FA4C93C0E0E6 /* SecretSortingTests.swift */,
			);
			path = Secret;
			sourceTree = "<group>";
		};
		D96476482FAC25BF22F7EB3D /* Notification */ = {
			isa = PBXGroup;
			children = (
				180F8C30929E4447383E2E90 /* SecurityNotificationServiceImpl.swift */,
			);
			path = Notification;
			sourceTree = "<group>";
		};
		DF1BA9937BBB23A07CF7110D /* Storage */ = {
			isa = PBXGroup;
			children = (
				78090BB1716FE6FBAEA456A7 /* Local */,
			);
			path = Storage;
			sourceTree = "<group>";
		};
		E25321AC5711BCC1A07E82F9 /* RepositoryImpl */ = {
			isa = PBXGroup;
			children = (
				00D992A29F5567A1D3C2DB5F /* DataReset */,
				AD3F3845D75AEE57B0680630 /* Project */,
				5281162BC44034F01FBE8315 /* Secret */,
				179E7503579F4DE516B931AC /* Settings */,
			);
			path = RepositoryImpl;
			sourceTree = "<group>";
		};
		EA07C3C9142A089AE554488C /* DataReset */ = {
			isa = PBXGroup;
			children = (
				51DC178A6C8B93E132F1AE2A /* DataResetRepositoryImplTests.swift */,
			);
			path = DataReset;
			sourceTree = "<group>";
		};
		EA532212346AFDAFE9477E73 /* Derived */ = {
			isa = PBXGroup;
			children = (
				C36CA9A28A377FACD8C5BD36 /* InfoPlists */,
			);
			path = Derived;
			sourceTree = "<group>";
		};
		EE610097F81DA8AD320086FE /* JSONCoder */ = {
			isa = PBXGroup;
			children = (
				95E0CCDF0311C4F208414753 /* SecretMetadataJSONCoder.swift */,
				72BEAD1863CCD06240432CBA /* SecretPayloadJSONCoder.swift */,
			);
			path = JSONCoder;
			sourceTree = "<group>";
		};
		F2451196DB7C3074FD35B65F /* Project */ = {
			isa = PBXGroup;
			children = (
				EA532212346AFDAFE9477E73 /* Derived */,
				77335088063D6A94AADC0ACC /* Sources */,
				4FA866AFA66DCE4746421353 /* Tests */,
			);
			name = Project;
			sourceTree = "<group>";
		};
		F3C5384C3C6F35427279568E /* Models */ = {
			isa = PBXGroup;
			children = (
				CE0022C8E60EFF80E68B6686 /* AppAuditLog.swift */,
				C0DE4F169DF837D1D6DC6421 /* AppSchema.swift */,
				7A55A3CC6AAF8182B5DB2F51 /* BackupRecord.swift */,
				E6C49244AF6EC11B9463DA05 /* Project.swift */,
				C6BC8C96FC9EC48C49399594 /* Secret.swift */,
				E0FBA98996943BB9D2F7859D /* SecretAuditLog.swift */,
				B9B6A4B403FA689763295A1C /* SecretMetadata.swift */,
				53A3DE59E04E0DA99DCB839B /* SecretPayload.swift */,
				357B97C1A1DDE946B2815CE4 /* SecretProjectLink.swift */,
			);
			path = Models;
			sourceTree = "<group>";
		};
		FADD3F703333B4D3FD293F35 = {
			isa = PBXGroup;
			children = (
				C28620D286E43FECBB04A9FA /* Products */,
				F2451196DB7C3074FD35B65F /* Project */,
			);
			sourceTree = "<group>";
		};
/* End PBXGroup section */

/* Begin PBXNativeTarget section */
		6068FEFC00B293AF5C88E9A8 /* DVData */ = {
			isa = PBXNativeTarget;
			buildConfigurationList = F9780E57C2C0B6FDE190963F /* Build configuration list for PBXNativeTarget "DVData" */;
			buildPhases = (
				6510D831A0C50F76235F90E7 /* Sources */,
				7F8385554C9660DF68D07761 /* Resources */,
				B233A382884134F0E2D03A26 /* Frameworks */,
				269034DBF0AF3475ABDC6652 /* Embed Frameworks */,
				5B23B86E5E66124B1FF6C1B6 /* Dependencies */,
			);
			buildRules = (
			);
			dependencies = (
			);
			name = DVData;
			packageProductDependencies = (
			);
			productName = DVData;
			productReference = 42A262BD9CAEC4C7D2172E42 /* DVData.framework */;
			productType = "com.apple.product-type.framework";
		};
		9AE89299227E55BF9B54A6C7 /* DVDataTests */ = {
			isa = PBXNativeTarget;
			buildConfigurationList = 5E32C39578F85C7B18F1B3AF /* Build configuration list for PBXNativeTarget "DVDataTests" */;
			buildPhases = (
				9D2D6A5213E383DC1DD1DF88 /* Sources */,
				79E2B80FA00B4BDFCD894277 /* Resources */,
				CB7FF86401E3AF06B82EE67D /* Frameworks */,
				7EDFBC4E860555BE1762F227 /* Embed Frameworks */,
			);
			buildRules = (
			);
			dependencies = (
				1A1BBCE83A85466E6EAC405F /* PBXTargetDependency */,
			);
			name = DVDataTests;
			packageProductDependencies = (
			);
			productName = DVDataTests;
			productReference = 638E1A6F7C452383A87A32B4 /* DVDataTests.xctest */;
			productType = "com.apple.product-type.bundle.unit-test";
		};
/* End PBXNativeTarget section */

/* Begin PBXProject section */
		7A6CCE4FE2427596E175F8E2 /* Project object */ = {
			isa = PBXProject;
			attributes = {
				BuildIndependentTargetsInParallel = YES;
				TargetAttributes = {
				};
			};
			buildConfigurationList = 9D84618362FD375A5DA5792E /* Build configuration list for PBXProject "DVData" */;
			compatibilityVersion = "Xcode 14.0";
			developmentRegion = en;
			hasScannedForEncodings = 0;
			knownRegions = (
				Base,
				en,
			);
			mainGroup = FADD3F703333B4D3FD293F35;
			productRefGroup = C28620D286E43FECBB04A9FA /* Products */;
			projectDirPath = "";
			projectRoot = "";
			targets = (
				6068FEFC00B293AF5C88E9A8 /* DVData */,
				9AE89299227E55BF9B54A6C7 /* DVDataTests */,
			);
		};
/* End PBXProject section */

/* Begin PBXResourcesBuildPhase section */
		79E2B80FA00B4BDFCD894277 /* Resources */ = {
			isa = PBXResourcesBuildPhase;
			buildActionMask = 2147483647;
			files = (
			);
			runOnlyForDeploymentPostprocessing = 0;
		};
		7F8385554C9660DF68D07761 /* Resources */ = {
			isa = PBXResourcesBuildPhase;
			buildActionMask = 2147483647;
			files = (
			);
			runOnlyForDeploymentPostprocessing = 0;
		};
/* End PBXResourcesBuildPhase section */

/* Begin PBXSourcesBuildPhase section */
		6510D831A0C50F76235F90E7 /* Sources */ = {
			isa = PBXSourcesBuildPhase;
			buildActionMask = 2147483647;
			files = (
				3823097BB0A256399F85277D /* DataResetRepositoryImpl.swift in Sources */,
				DF8810EBC5683DE76FCF0911 /* ProjectRepositoryImpl.swift in Sources */,
				C929FB8D18890918744BB1AE /* InMemorySecretQueryFilter.swift in Sources */,
				9C9D432068BF155A0AED7C3A /* SecretFetchDescriptorBuilder.swift in Sources */,
				3DDBA6DB756CCBB092C25A28 /* SecretRepositoryImpl.swift in Sources */,
				91EBBBE7B7D0C9DB51E571C9 /* SettingsRepositoryImpl.swift in Sources */,
				5E2579D6720A770B5F3CAD47 /* UbiquitousStoreKey.swift in Sources */,
				DE8324BED30692B3B83520BD /* UserDefaultsKey.swift in Sources */,
				02B9498D5E9015CC5823AE8F /* AppInactivityMonitorServiceImpl.swift in Sources */,
				D199DC62EFADEF0956FA810E /* LocalUserAuthenticationServiceImpl.swift in Sources */,
				59C7FC7F1D8A0D2527F9D30E /* ClipboardServiceImpl.swift in Sources */,
				CCB1261C395537507DE9E71C /* ICloudServiceImpl.swift in Sources */,
				A01B65FA60FC2782DA1411F9 /* SecurityNotificationServiceImpl.swift in Sources */,
				847D9A820A3212AC83543DFC /* SecretMetadataJSONCoder.swift in Sources */,
				CC593BCB9A1746502D9C430D /* SecretPayloadJSONCoder.swift in Sources */,
				E59DC9AFD4B88A141062DBC0 /* KeychainKeyStore.swift in Sources */,
				C278239883CE088C4690028B /* SecretCryptoServiceImpl.swift in Sources */,
				5FEB347E6D1839DD63F0DEEF /* LaunchAtLoginServiceImpl.swift in Sources */,
				841211C9E52FB0B1349D07CB /* LocalStorage.swift in Sources */,
				5AAA4BAC909123F855B45583 /* AppAuditLog.swift in Sources */,
				597B5FCC5678FB9763FE19D4 /* AppSchema.swift in Sources */,
				BADC8973548C4DF4C11FD94B /* BackupRecord.swift in Sources */,
				F4B1FD2D25E49FDEF72EAE8E /* Project.swift in Sources */,
				81C239A12265006ADF1FB7B6 /* Secret.swift in Sources */,
				092E58318361CD76E193A19C /* SecretAuditLog.swift in Sources */,
				A8D0A00AEE4B917F6CA92468 /* SecretMetadata.swift in Sources */,
				8FDC798CEE3D428EFB4C34D1 /* SecretPayload.swift in Sources */,
				753F8030E2EAD77114AE0B24 /* SecretProjectLink.swift in Sources */,
			);
			runOnlyForDeploymentPostprocessing = 0;
		};
		9D2D6A5213E383DC1DD1DF88 /* Sources */ = {
			isa = PBXSourcesBuildPhase;
			buildActionMask = 2147483647;
			files = (
				BCC6CDEE427B64A2554140DD /* DataResetRepositoryImplTests.swift in Sources */,
				C7B1A9728F0F99888744C8D6 /* SecretFetchDescriptorBuilderTests.swift in Sources */,
				CA13587811BA111A1646FCA1 /* SecretSortingTests.swift in Sources */,
			);
			runOnlyForDeploymentPostprocessing = 0;
		};
/* End PBXSourcesBuildPhase section */

/* Begin PBXTargetDependency section */
		1A1BBCE83A85466E6EAC405F /* PBXTargetDependency */ = {
			isa = PBXTargetDependency;
			name = DVData;
			target = 6068FEFC00B293AF5C88E9A8 /* DVData */;
			targetProxy = 73A4C4716DFF4E4401479759 /* PBXContainerItemProxy */;
		};
/* End PBXTargetDependency section */

/* Begin XCBuildConfiguration section */
		0BFFBE8A2345A43D4C012C35 /* Debug */ = {
			isa = XCBuildConfiguration;
			buildSettings = {
				CODE_SIGN_IDENTITY = "";
				COMBINE_HIDPI_IMAGES = YES;
				CURRENT_PROJECT_VERSION = 1;
				DEFINES_MODULE = YES;
				DYLIB_COMPATIBILITY_VERSION = 1;
				DYLIB_CURRENT_VERSION = 1;
				DYLIB_INSTALL_NAME_BASE = "@rpath";
				FRAMEWORK_VERSION = A;
				INFOPLIST_FILE = "Derived/InfoPlists/DVData-Info.plist";
				INSTALL_PATH = "$(LOCAL_LIBRARY_DIR)/Frameworks";
				LD_RUNPATH_SEARCH_PATHS = (
					"$(inherited)",
					"@executable_path/../Frameworks",
					"@loader_path/../Frameworks",
				);
				MACH_O_TYPE = staticlib;
				MACOSX_DEPLOYMENT_TARGET = 14.0;
				PRODUCT_BUNDLE_IDENTIFIER = com.devault.dvdata;
				PRODUCT_NAME = DVData;
				SDKROOT = macosx;
				SKIP_INSTALL = YES;
				SWIFT_ACTIVE_COMPILATION_CONDITIONS = (
					"$(inherited)",
					DEBUG,
				);
				SWIFT_COMPILATION_MODE = singlefile;
				SWIFT_OPTIMIZATION_LEVEL = "-Onone";
				SWIFT_VERSION = 5;
				VERSIONING_SYSTEM = "apple-generic";
				VERSION_INFO_PREFIX = "";
			};
			name = Debug;
		};
		2EACCBC1B2C61CF00EFF7D96 /* Debug */ = {
			isa = XCBuildConfiguration;
			buildSettings = {
				CODE_SIGN_IDENTITY = "-";
				INFOPLIST_FILE = "Derived/InfoPlists/DVDataTests-Info.plist";
				LD_RUNPATH_SEARCH_PATHS = (
					"$(inherited)",
					"@executable_path/../Frameworks",
					"@loader_path/../Frameworks",
				);
				MACOSX_DEPLOYMENT_TARGET = 14.0;
				OTHER_LDFLAGS = (
					"$(inherited)",
					"-L$(DT_TOOLCHAIN_DIR)/usr/lib/swift/$(PLATFORM_NAME)",
				);
				PRODUCT_BUNDLE_IDENTIFIER = com.devault.dvdatatests;
				PRODUCT_NAME = DVDataTests;
				SDKROOT = macosx;
				SWIFT_ACTIVE_COMPILATION_CONDITIONS = (
					"$(inherited)",
					DEBUG,
				);
				SWIFT_COMPILATION_MODE = singlefile;
				SWIFT_OPTIMIZATION_LEVEL = "-Onone";
				SWIFT_VERSION = 5;
			};
			name = Debug;
		};
		331CA55532C80A27281F2BA0 /* Release */ = {
			isa = XCBuildConfiguration;
			buildSettings = {
				CODE_SIGN_IDENTITY = "-";
				INFOPLIST_FILE = "Derived/InfoPlists/DVDataTests-Info.plist";
				LD_RUNPATH_SEARCH_PATHS = (
					"$(inherited)",
					"@executable_path/../Frameworks",
					"@loader_path/../Frameworks",
				);
				MACOSX_DEPLOYMENT_TARGET = 14.0;
				OTHER_LDFLAGS = (
					"$(inherited)",
					"-L$(DT_TOOLCHAIN_DIR)/usr/lib/swift/$(PLATFORM_NAME)",
				);
				PRODUCT_BUNDLE_IDENTIFIER = com.devault.dvdatatests;
				PRODUCT_NAME = DVDataTests;
				SDKROOT = macosx;
				SWIFT_COMPILATION_MODE = wholemodule;
				SWIFT_OPTIMIZATION_LEVEL = "-O";
				SWIFT_VERSION = 5;
			};
			name = Release;
		};
		7D726707290829D4C4E6936E /* Debug */ = {
			isa = XCBuildConfiguration;
			buildSettings = {
				ALWAYS_SEARCH_USER_PATHS = NO;
				CLANG_ANALYZER_LOCALIZABILITY_NONLOCALIZED = YES;
				CLANG_ANALYZER_NONNULL = YES;
				CLANG_ANALYZER_NUMBER_OBJECT_CONVERSION = YES_AGGRESSIVE;
				CLANG_CXX_LANGUAGE_STANDARD = "gnu++14";
				CLANG_CXX_LIBRARY = "libc++";
				CLANG_ENABLE_MODULES = YES;
				CLANG_ENABLE_OBJC_ARC = YES;
				CLANG_ENABLE_OBJC_WEAK = YES;
				CLANG_WARN_BLOCK_CAPTURE_AUTORELEASING = YES;
				CLANG_WARN_BOOL_CONVERSION = YES;
				CLANG_WARN_COMMA = YES;
				CLANG_WARN_CONSTANT_CONVERSION = YES;
				CLANG_WARN_DEPRECATED_OBJC_IMPLEMENTATIONS = YES;
				CLANG_WARN_DIRECT_OBJC_ISA_USAGE = YES_ERROR;
				CLANG_WARN_DOCUMENTATION_COMMENTS = YES;
				CLANG_WARN_EMPTY_BODY = YES;
				CLANG_WARN_ENUM_CONVERSION = YES;
				CLANG_WARN_INFINITE_RECURSION = YES;
				CLANG_WARN_INT_CONVERSION = YES;
				CLANG_WARN_NON_LITERAL_NULL_CONVERSION = YES;
				CLANG_WARN_OBJC_IMPLICIT_RETAIN_SELF = YES;
				CLANG_WARN_OBJC_LITERAL_CONVERSION = YES;
				CLANG_WARN_OBJC_ROOT_CLASS = YES_ERROR;
				CLANG_WARN_QUOTED_INCLUDE_IN_FRAMEWORK_HEADER = YES;
				CLANG_WARN_RANGE_LOOP_ANALYSIS = YES;
				CLANG_WARN_STRICT_PROTOTYPES = YES;
				CLANG_WARN_SUSPICIOUS_MOVE = YES;
				CLANG_WARN_UNGUARDED_AVAILABILITY = YES_AGGRESSIVE;
				CLANG_WARN_UNREACHABLE_CODE = YES;
				CLANG_WARN__DUPLICATE_METHOD_MATCH = YES;
				COPY_PHASE_STRIP = NO;
				DEAD_CODE_STRIPPING = YES;
				DEBUG_INFORMATION_FORMAT = dwarf;
				ENABLE_STRICT_OBJC_MSGSEND = YES;
				ENABLE_TESTABILITY = YES;
				GCC_C_LANGUAGE_STANDARD = gnu11;
				GCC_DYNAMIC_NO_PIC = NO;
				GCC_NO_COMMON_BLOCKS = YES;
				GCC_OPTIMIZATION_LEVEL = 0;
				GCC_PREPROCESSOR_DEFINITIONS = (
					"DEBUG=1",
					"$(inherited)",
				);
				GCC_WARN_64_TO_32_BIT_CONVERSION = YES;
				GCC_WARN_ABOUT_RETURN_TYPE = YES_ERROR;
				GCC_WARN_UNDECLARED_SELECTOR = YES;
				GCC_WARN_UNINITIALIZED_AUTOS = YES_AGGRESSIVE;
				GCC_WARN_UNUSED_FUNCTION = YES;
				GCC_WARN_UNUSED_VARIABLE = YES;
				MTL_ENABLE_DEBUG_INFO = YES;
				ONLY_ACTIVE_ARCH = YES;
				PRODUCT_NAME = "$(TARGET_NAME)";
			};
			name = Debug;
		};
		E87C1168EB43572D666A06FF /* Release */ = {
			isa = XCBuildConfiguration;
			buildSettings = {
				CODE_SIGN_IDENTITY = "";
				COMBINE_HIDPI_IMAGES = YES;
				CURRENT_PROJECT_VERSION = 1;
				DEFINES_MODULE = YES;
				DYLIB_COMPATIBILITY_VERSION = 1;
				DYLIB_CURRENT_VERSION = 1;
				DYLIB_INSTALL_NAME_BASE = "@rpath";
				FRAMEWORK_VERSION = A;
				INFOPLIST_FILE = "Derived/InfoPlists/DVData-Info.plist";
				INSTALL_PATH = "$(LOCAL_LIBRARY_DIR)/Frameworks";
				LD_RUNPATH_SEARCH_PATHS = (
					"$(inherited)",
					"@executable_path/../Frameworks",
					"@loader_path/../Frameworks",
				);
				MACH_O_TYPE = staticlib;
				MACOSX_DEPLOYMENT_TARGET = 14.0;
				PRODUCT_BUNDLE_IDENTIFIER = com.devault.dvdata;
				PRODUCT_NAME = DVData;
				SDKROOT = macosx;
				SKIP_INSTALL = YES;
				SWIFT_COMPILATION_MODE = wholemodule;
				SWIFT_OPTIMIZATION_LEVEL = "-O";
				SWIFT_VERSION = 5;
				VERSIONING_SYSTEM = "apple-generic";
				VERSION_INFO_PREFIX = "";
			};
			name = Release;
		};
		FE5569E407CBBE6C33606AB5 /* Release */ = {
			isa = XCBuildConfiguration;
			buildSettings = {
				ALWAYS_SEARCH_USER_PATHS = NO;
				CLANG_ANALYZER_LOCALIZABILITY_NONLOCALIZED = YES;
				CLANG_ANALYZER_NONNULL = YES;
				CLANG_ANALYZER_NUMBER_OBJECT_CONVERSION = YES_AGGRESSIVE;
				CLANG_CXX_LANGUAGE_STANDARD = "gnu++14";
				CLANG_CXX_LIBRARY = "libc++";
				CLANG_ENABLE_MODULES = YES;
				CLANG_ENABLE_OBJC_ARC = YES;
				CLANG_ENABLE_OBJC_WEAK = YES;
				CLANG_WARN_BLOCK_CAPTURE_AUTORELEASING = YES;
				CLANG_WARN_BOOL_CONVERSION = YES;
				CLANG_WARN_COMMA = YES;
				CLANG_WARN_CONSTANT_CONVERSION = YES;
				CLANG_WARN_DEPRECATED_OBJC_IMPLEMENTATIONS = YES;
				CLANG_WARN_DIRECT_OBJC_ISA_USAGE = YES_ERROR;
				CLANG_WARN_DOCUMENTATION_COMMENTS = YES;
				CLANG_WARN_EMPTY_BODY = YES;
				CLANG_WARN_ENUM_CONVERSION = YES;
				CLANG_WARN_INFINITE_RECURSION = YES;
				CLANG_WARN_INT_CONVERSION = YES;
				CLANG_WARN_NON_LITERAL_NULL_CONVERSION = YES;
				CLANG_WARN_OBJC_IMPLICIT_RETAIN_SELF = YES;
				CLANG_WARN_OBJC_LITERAL_CONVERSION = YES;
				CLANG_WARN_OBJC_ROOT_CLASS = YES_ERROR;
				CLANG_WARN_QUOTED_INCLUDE_IN_FRAMEWORK_HEADER = YES;
				CLANG_WARN_RANGE_LOOP_ANALYSIS = YES;
				CLANG_WARN_STRICT_PROTOTYPES = YES;
				CLANG_WARN_SUSPICIOUS_MOVE = YES;
				CLANG_WARN_UNGUARDED_AVAILABILITY = YES_AGGRESSIVE;
				CLANG_WARN_UNREACHABLE_CODE = YES;
				CLANG_WARN__DUPLICATE_METHOD_MATCH = YES;
				COPY_PHASE_STRIP = NO;
				DEAD_CODE_STRIPPING = YES;
				DEBUG_INFORMATION_FORMAT = "dwarf-with-dsym";
				ENABLE_NS_ASSERTIONS = NO;
				ENABLE_STRICT_OBJC_MSGSEND = YES;
				GCC_C_LANGUAGE_STANDARD = gnu11;
				GCC_NO_COMMON_BLOCKS = YES;
				GCC_WARN_64_TO_32_BIT_CONVERSION = YES;
				GCC_WARN_ABOUT_RETURN_TYPE = YES_ERROR;
				GCC_WARN_UNDECLARED_SELECTOR = YES;
				GCC_WARN_UNINITIALIZED_AUTOS = YES_AGGRESSIVE;
				GCC_WARN_UNUSED_FUNCTION = YES;
				GCC_WARN_UNUSED_VARIABLE = YES;
				MTL_ENABLE_DEBUG_INFO = NO;
				PRODUCT_NAME = "$(TARGET_NAME)";
				VALIDATE_PRODUCT = YES;
			};
			name = Release;
		};
/* End XCBuildConfiguration section */

/* Begin XCConfigurationList section */
		5E32C39578F85C7B18F1B3AF /* Build configuration list for PBXNativeTarget "DVDataTests" */ = {
			isa = XCConfigurationList;
			buildConfigurations = (
				2EACCBC1B2C61CF00EFF7D96 /* Debug */,
				331CA55532C80A27281F2BA0 /* Release */,
			);
			defaultConfigurationIsVisible = 0;
			defaultConfigurationName = Release;
		};
		9D84618362FD375A5DA5792E /* Build configuration list for PBXProject "DVData" */ = {
			isa = XCConfigurationList;
			buildConfigurations = (
				7D726707290829D4C4E6936E /* Debug */,
				FE5569E407CBBE6C33606AB5 /* Release */,
			);
			defaultConfigurationIsVisible = 0;
			defaultConfigurationName = Release;
		};
		F9780E57C2C0B6FDE190963F /* Build configuration list for PBXNativeTarget "DVData" */ = {
			isa = XCConfigurationList;
			buildConfigurations = (
				0BFFBE8A2345A43D4C012C35 /* Debug */,
				E87C1168EB43572D666A06FF /* Release */,
			);
			defaultConfigurationIsVisible = 0;
			defaultConfigurationName = Release;
		};
/* End XCConfigurationList section */
	};
	rootObject = 7A6CCE4FE2427596E175F8E2 /* Project object */;
}
